// !$*UTF8*$!
{
	archiveVersion = 1;
	classes = {
	};
	objectVersion = 46;
	objects = {

/* Begin PBXBuildFile section */
		31B752FE692F08A60EB6F1A2 /* Pods_RACDemoTests.framework in Frameworks */ = {isa = PBXBuildFile; fileRef = A6FC46EB993C5AF3997640B5 /* Pods_RACDemoTests.framework */; };
		7F2C3ABB626F7453097BA82F /* Pods_RACDemo.framework in Frameworks */ = {isa = PBXBuildFile; fileRef = EAF07DDA3E5186A0F647406F /* Pods_RACDemo.framework */; };
		B87ED787B972497E3A2BD358 /* Pods_RACDemoUITests.framework in Frameworks */ = {isa = PBXBuildFile; fileRef = D0FAD0F557F9F997798C3C77 /* Pods_RACDemoUITests.framework */; };
		C293412B1EC43D89003FB9A0 /* main.m in Sources */ = {isa = PBXBuildFile; fileRef = C293412A1EC43D89003FB9A0 /* main.m */; };
		C293412E1EC43D89003FB9A0 /* AppDelegate.m in Sources */ = {isa = PBXBuildFile; fileRef = C293412D1EC43D89003FB9A0 /* AppDelegate.m */; };
		C29341311EC43D89003FB9A0 /* ViewController.m in Sources */ = {isa = PBXBuildFile; fileRef = C29341301EC43D89003FB9A0 /* ViewController.m */; };
		C29341341EC43D89003FB9A0 /* Main.storyboard in Resources */ = {isa = PBXBuildFile; fileRef = C29341321EC43D89003FB9A0 /* Main.storyboard */; };
		C29341361EC43D89003FB9A0 /* Assets.xcassets in Resources */ = {isa = PBXBuildFile; fileRef = C29341351EC43D89003FB9A0 /* Assets.xcassets */; };
		C29341391EC43D89003FB9A0 /* LaunchScreen.storyboard in Resources */ = {isa = PBXBuildFile; fileRef = C29341371EC43D89003FB9A0 /* LaunchScreen.storyboard */; };
		C29341441EC43D89003FB9A0 /* RACDemoTests.m in Sources */ = {isa = PBXBuildFile; fileRef = C29341431EC43D89003FB9A0 /* RACDemoTests.m */; };
		C293414F1EC43D89003FB9A0 /* RACDemoUITests.m in Sources */ = {isa = PBXBuildFile; fileRef = C293414E1EC43D89003FB9A0 /* RACDemoUITests.m */; };
		C293415E1EC45997003FB9A0 /* User.m in Sources */ = {isa = PBXBuildFile; fileRef = C293415D1EC45997003FB9A0 /* User.m */; };
		C29341631EC48233003FB9A0 /* TableViewController.m in Sources */ = {isa = PBXBuildFile; fileRef = C29341621EC48233003FB9A0 /* TableViewController.m */; };
		C29341661EC482EB003FB9A0 /* TableViewCell.m in Sources */ = {isa = PBXBuildFile; fileRef = C29341651EC482EB003FB9A0 /* TableViewCell.m */; };
		C2DACC9C1EDBD32E00B1EC5F /* InterfaceURLs.m in Sources */ = {isa = PBXBuildFile; fileRef = C2DACC971EDBD32E00B1EC5F /* InterfaceURLs.m */; };
		C2DACC9D1EDBD32E00B1EC5F /* YMNetworkingTool.m in Sources */ = {isa = PBXBuildFile; fileRef = C2DACC991EDBD32E00B1EC5F /* YMNetworkingTool.m */; };
		C2DACC9E1EDBD32E00B1EC5F /* YMUploadParam.m in Sources */ = {isa = PBXBuildFile; fileRef = C2DACC9B1EDBD32E00B1EC5F /* YMUploadParam.m */; };
/* End PBXBuildFile section */

/* Begin PBXContainerItemProxy section */
		C29341401EC43D89003FB9A0 /* PBXContainerItemProxy */ = {
			isa = PBXContainerItemProxy;
			containerPortal = C293411E1EC43D89003FB9A0 /* Project object */;
			proxyType = 1;
			remoteGlobalIDString = C29341251EC43D89003FB9A0;
			remoteInfo = RACDemo;
		};
		C293414B1EC43D89003FB9A0 /* PBXContainerItemProxy */ = {
			isa = PBXContainerItemProxy;
			containerPortal = C293411E1EC43D89003FB9A0 /* Project object */;
			proxyType = 1;
			remoteGlobalIDString = C29341251EC43D89003FB9A0;
			remoteInfo = RACDemo;
		};
/* End PBXContainerItemProxy section */

/* Begin PBXFileReference section */
		01816198F46A0327060007C5 /* Pods-RACDemo.release.xcconfig */ = {isa = PBXFileReference; includeInIndex = 1; lastKnownFileType = text.xcconfig; name = "Pods-RACDemo.release.xcconfig"; path = "Pods/Target Support Files/Pods-RACDemo/Pods-RACDemo.release.xcconfig"; sourceTree = "<group>"; };
		2C5BCF6198C82C33066F310A /* Pods-RACDemo.debug.xcconfig */ = {isa = PBXFileReference; includeInIndex = 1; lastKnownFileType = text.xcconfig; name = "Pods-RACDemo.debug.xcconfig"; path = "Pods/Target Support Files/Pods-RACDemo/Pods-RACDemo.debug.xcconfig"; sourceTree = "<group>"; };
		350573A3A5F2F375E62F26D3 /* Pods-RACDemoTests.debug.xcconfig */ = {isa = PBXFileReference; includeInIndex = 1; lastKnownFileType = text.xcconfig; name = "Pods-RACDemoTests.debug.xcconfig"; path = "Pods/Target Support Files/Pods-RACDemoTests/Pods-RACDemoTests.debug.xcconfig"; sourceTree = "<group>"; };
		4FB2C8991F4A39CBC22E01E8 /* Pods-RACDemoTests.release.xcconfig */ = {isa = PBXFileReference; includeInIndex = 1; lastKnownFileType = text.xcconfig; name = "Pods-RACDemoTests.release.xcconfig"; path = "Pods/Target Support Files/Pods-RACDemoTests/Pods-RACDemoTests.release.xcconfig"; sourceTree = "<group>"; };
		50C57BFC8857C536E0274D54 /* Pods-RACDemoUITests.release.xcconfig */ = {isa = PBXFileReference; includeInIndex = 1; lastKnownFileType = text.xcconfig; name = "Pods-RACDemoUITests.release.xcconfig"; path = "Pods/Target Support Files/Pods-RACDemoUITests/Pods-RACDemoUITests.release.xcconfig"; sourceTree = "<group>"; };
		5521038BDB566A569065065C /* Pods-RACDemoUITests.debug.xcconfig */ = {isa = PBXFileReference; includeInIndex = 1; lastKnownFileType = text.xcconfig; name = "Pods-RACDemoUITests.debug.xcconfig"; path = "Pods/Target Support Files/Pods-RACDemoUITests/Pods-RACDemoUITests.debug.xcconfig"; sourceTree = "<group>"; };
		A6FC46EB993C5AF3997640B5 /* Pods_RACDemoTests.framework */ = {isa = PBXFileReference; explicitFileType = wrapper.framework; includeInIndex = 0; path = Pods_RACDemoTests.framework; sourceTree = BUILT_PRODUCTS_DIR; };
		C249F9081ECB39120026349C /* Defines.h */ = {isa = PBXFileReference; fileEncoding = 4; lastKnownFileType = sourcecode.c.h; path = Defines.h; sourceTree = "<group>"; };
		C249F9091ECB39120026349C /* Header.h */ = {isa = PBXFileReference; fileEncoding = 4; lastKnownFileType = sourcecode.c.h; path = Header.h; sourceTree = "<group>"; };
		C29341261EC43D89003FB9A0 /* RACDemo.app */ = {isa = PBXFileReference; explicitFileType = wrapper.application; includeInIndex = 0; path = RACDemo.app; sourceTree = BUILT_PRODUCTS_DIR; };
		C293412A1EC43D89003FB9A0 /* main.m */ = {isa = PBXFileReference; lastKnownFileType = sourcecode.c.objc; path = main.m; sourceTree = "<group>"; };
		C293412C1EC43D89003FB9A0 /* AppDelegate.h */ = {isa = PBXFileReference; lastKnownFileType = sourcecode.c.h; path = AppDelegate.h; sourceTree = "<group>"; };
		C293412D1EC43D89003FB9A0 /* AppDelegate.m */ = {isa = PBXFileReference; lastKnownFileType = sourcecode.c.objc; path = AppDelegate.m; sourceTree = "<group>"; };
		C293412F1EC43D89003FB9A0 /* ViewController.h */ = {isa = PBXFileReference; lastKnownFileType = sourcecode.c.h; path = ViewController.h; sourceTree = "<group>"; };
		C29341301EC43D89003FB9A0 /* ViewController.m */ = {isa = PBXFileReference; lastKnownFileType = sourcecode.c.objc; path = ViewController.m; sourceTree = "<group>"; };
		C29341331EC43D89003FB9A0 /* Base */ = {isa = PBXFileReference; lastKnownFileType = file.storyboard; name = Base; path = Base.lproj/Main.storyboard; sourceTree = "<group>"; };
		C29341351EC43D89003FB9A0 /* Assets.xcassets */ = {isa = PBXFileReference; lastKnownFileType = folder.assetcatalog; path = Assets.xcassets; sourceTree = "<group>"; };
		C29341381EC43D89003FB9A0 /* Base */ = {isa = PBXFileReference; lastKnownFileType = file.storyboard; name = Base; path = Base.lproj/LaunchScreen.storyboard; sourceTree = "<group>"; };
		C293413A1EC43D89003FB9A0 /* Info.plist */ = {isa = PBXFileReference; lastKnownFileType = text.plist.xml; path = Info.plist; sourceTree = "<group>"; };
		C293413F1EC43D89003FB9A0 /* RACDemoTests.xctest */ = {isa = PBXFileReference; explicitFileType = wrapper.cfbundle; includeInIndex = 0; path = RACDemoTests.xctest; sourceTree = BUILT_PRODUCTS_DIR; };
		C29341431EC43D89003FB9A0 /* RACDemoTests.m */ = {isa = PBXFileReference; lastKnownFileType = sourcecode.c.objc; path = RACDemoTests.m; sourceTree = "<group>"; };
		C29341451EC43D89003FB9A0 /* Info.plist */ = {isa = PBXFileReference; lastKnownFileType = text.plist.xml; path = Info.plist; sourceTree = "<group>"; };
		C293414A1EC43D89003FB9A0 /* RACDemoUITests.xctest */ = {isa = PBXFileReference; explicitFileType = wrapper.cfbundle; includeInIndex = 0; path = RACDemoUITests.xctest; sourceTree = BUILT_PRODUCTS_DIR; };
		C293414E1EC43D89003FB9A0 /* RACDemoUITests.m */ = {isa = PBXFileReference; lastKnownFileType = sourcecode.c.objc; path = RACDemoUITests.m; sourceTree = "<group>"; };
		C29341501EC43D89003FB9A0 /* Info.plist */ = {isa = PBXFileReference; lastKnownFileType = text.plist.xml; path = Info.plist; sourceTree = "<group>"; };
		C293415C1EC45997003FB9A0 /* User.h */ = {isa = PBXFileReference; fileEncoding = 4; lastKnownFileType = sourcecode.c.h; path = User.h; sourceTree = "<group>"; };
		C293415D1EC45997003FB9A0 /* User.m */ = {isa = PBXFileReference; fileEncoding = 4; lastKnownFileType = sourcecode.c.objc; path = User.m; sourceTree = "<group>"; };
		C29341611EC48233003FB9A0 /* TableViewController.h */ = {isa = PBXFileReference; fileEncoding = 4; lastKnownFileType = sourcecode.c.h; path = TableViewController.h; sourceTree = "<group>"; };
		C29341621EC48233003FB9A0 /* TableViewController.m */ = {isa = PBXFileReference; fileEncoding = 4; lastKnownFileType = sourcecode.c.objc; path = TableViewController.m; sourceTree = "<group>"; };
		C29341641EC482EB003FB9A0 /* TableViewCell.h */ = {isa = PBXFileReference; fileEncoding = 4; lastKnownFileType = sourcecode.c.h; path = TableViewCell.h; sourceTree = "<group>"; };
		C29341651EC482EB003FB9A0 /* TableViewCell.m */ = {isa = PBXFileReference; fileEncoding = 4; lastKnownFileType = sourcecode.c.objc; path = TableViewCell.m; sourceTree = "<group>"; };
		C2DACC961EDBD32E00B1EC5F /* InterfaceURLs.h */ = {isa = PBXFileReference; fileEncoding = 4; lastKnownFileType = sourcecode.c.h; path = InterfaceURLs.h; sourceTree = "<group>"; };
		C2DACC971EDBD32E00B1EC5F /* InterfaceURLs.m */ = {isa = PBXFileReference; fileEncoding = 4; lastKnownFileType = sourcecode.c.objc; path = InterfaceURLs.m; sourceTree = "<group>"; };
		C2DACC981EDBD32E00B1EC5F /* YMNetworkingTool.h */ = {isa = PBXFileReference; fileEncoding = 4; lastKnownFileType = sourcecode.c.h; path = YMNetworkingTool.h; sourceTree = "<group>"; };
		C2DACC991EDBD32E00B1EC5F /* YMNetworkingTool.m */ = {isa = PBXFileReference; fileEncoding = 4; lastKnownFileType = sourcecode.c.objc; path = YMNetworkingTool.m; sourceTree = "<group>"; };
		C2DACC9A1EDBD32E00B1EC5F /* YMUploadParam.h */ = {isa = PBXFileReference; fileEncoding = 4; lastKnownFileType = sourcecode.c.h; path = YMUploadParam.h; sourceTree = "<group>"; };
		C2DACC9B1EDBD32E00B1EC5F /* YMUploadParam.m */ = {isa = PBXFileReference; fileEncoding = 4; lastKnownFileType = sourcecode.c.objc; path = YMUploadParam.m; sourceTree = "<group>"; };
		D0FAD0F557F9F997798C3C77 /* Pods_RACDemoUITests.framework */ = {isa = PBXFileReference; explicitFileType = wrapper.framework; includeInIndex = 0; path = Pods_RACDemoUITests.framework; sourceTree = BUILT_PRODUCTS_DIR; };
		EAF07DDA3E5186A0F647406F /* Pods_RACDemo.framework */ = {isa = PBXFileReference; explicitFileType = wrapper.framework; includeInIndex = 0; path = Pods_RACDemo.framework; sourceTree = BUILT_PRODUCTS_DIR; };
/* End PBXFileReference section */

/* Begin PBXFrameworksBuildPhase section */
		C29341231EC43D89003FB9A0 /* Frameworks */ = {
			isa = PBXFrameworksBuildPhase;
			buildActionMask = 2147483647;
			files = (
				7F2C3ABB626F7453097BA82F /* Pods_RACDemo.framework in Frameworks */,
			);
			runOnlyForDeploymentPostprocessing = 0;
		};
		C293413C1EC43D89003FB9A0 /* Frameworks */ = {
			isa = PBXFrameworksBuildPhase;
			buildActionMask = 2147483647;
			files = (
				31B752FE692F08A60EB6F1A2 /* Pods_RACDemoTests.framework in Frameworks */,
			);
			runOnlyForDeploymentPostprocessing = 0;
		};
		C29341471EC43D89003FB9A0 /* Frameworks */ = {
			isa = PBXFrameworksBuildPhase;
			buildActionMask = 2147483647;
			files = (
				B87ED787B972497E3A2BD358 /* Pods_RACDemoUITests.framework in Frameworks */,
			);
			runOnlyForDeploymentPostprocessing = 0;
		};
/* End PBXFrameworksBuildPhase section */

/* Begin PBXGroup section */
		527085D9434AF236BCCAB67D /* Pods */ = {
			isa = PBXGroup;
			children = (
				2C5BCF6198C82C33066F310A /* Pods-RACDemo.debug.xcconfig */,
				01816198F46A0327060007C5 /* Pods-RACDemo.release.xcconfig */,
				350573A3A5F2F375E62F26D3 /* Pods-RACDemoTests.debug.xcconfig */,
				4FB2C8991F4A39CBC22E01E8 /* Pods-RACDemoTests.release.xcconfig */,
				5521038BDB566A569065065C /* Pods-RACDemoUITests.debug.xcconfig */,
				50C57BFC8857C536E0274D54 /* Pods-RACDemoUITests.release.xcconfig */,
			);
			name = Pods;
			sourceTree = "<group>";
		};
		980F8D9D61816E87469E565A /* Frameworks */ = {
			isa = PBXGroup;
			children = (
				EAF07DDA3E5186A0F647406F /* Pods_RACDemo.framework */,
				A6FC46EB993C5AF3997640B5 /* Pods_RACDemoTests.framework */,
				D0FAD0F557F9F997798C3C77 /* Pods_RACDemoUITests.framework */,
			);
			name = Frameworks;
			sourceTree = "<group>";
		};
		C249F8FB1ECB38E60026349C /* Networking */ = {
			isa = PBXGroup;
			children = (
				C249F9081ECB39120026349C /* Defines.h */,
				C249F9091ECB39120026349C /* Header.h */,
				C2DACC961EDBD32E00B1EC5F /* InterfaceURLs.h */,
				C2DACC971EDBD32E00B1EC5F /* InterfaceURLs.m */,
				C2DACC981EDBD32E00B1EC5F /* YMNetworkingTool.h */,
				C2DACC991EDBD32E00B1EC5F /* YMNetworkingTool.m */,
				C2DACC9A1EDBD32E00B1EC5F /* YMUploadParam.h */,
				C2DACC9B1EDBD32E00B1EC5F /* YMUploadParam.m */,
			);
			path = Networking;
			sourceTree = "<group>";
		};
		C293411D1EC43D89003FB9A0 = {
			isa = PBXGroup;
			children = (
				C29341281EC43D89003FB9A0 /* RACDemo */,
				C29341421EC43D89003FB9A0 /* RACDemoTests */,
				C293414D1EC43D89003FB9A0 /* RACDemoUITests */,
				C29341271EC43D89003FB9A0 /* Products */,
				527085D9434AF236BCCAB67D /* Pods */,
				980F8D9D61816E87469E565A /* Frameworks */,
			);
			sourceTree = "<group>";
		};
		C29341271EC43D89003FB9A0 /* Products */ = {
			isa = PBXGroup;
			children = (
				C29341261EC43D89003FB9A0 /* RACDemo.app */,
				C293413F1EC43D89003FB9A0 /* RACDemoTests.xctest */,
				C293414A1EC43D89003FB9A0 /* RACDemoUITests.xctest */,
			);
			name = Products;
			sourceTree = "<group>";
		};
		C29341281EC43D89003FB9A0 /* RACDemo */ = {
			isa = PBXGroup;
			children = (
				C249F8FB1ECB38E60026349C /* Networking */,
				C293412C1EC43D89003FB9A0 /* AppDelegate.h */,
				C293412D1EC43D89003FB9A0 /* AppDelegate.m */,
				C293412F1EC43D89003FB9A0 /* ViewController.h */,
				C29341301EC43D89003FB9A0 /* ViewController.m */,
				C293415C1EC45997003FB9A0 /* User.h */,
				C293415D1EC45997003FB9A0 /* User.m */,
				C29341611EC48233003FB9A0 /* TableViewController.h */,
				C29341621EC48233003FB9A0 /* TableViewController.m */,
				C29341641EC482EB003FB9A0 /* TableViewCell.h */,
				C29341651EC482EB003FB9A0 /* TableViewCell.m */,
				C29341321EC43D89003FB9A0 /* Main.storyboard */,
				C29341351EC43D89003FB9A0 /* Assets.xcassets */,
				C29341371EC43D89003FB9A0 /* LaunchScreen.storyboard */,
				C293413A1EC43D89003FB9A0 /* Info.plist */,
				C29341291EC43D89003FB9A0 /* Supporting Files */,
			);
			path = RACDemo;
			sourceTree = "<group>";
		};
		C29341291EC43D89003FB9A0 /* Supporting Files */ = {
			isa = PBXGroup;
			children = (
				C293412A1EC43D89003FB9A0 /* main.m */,
			);
			name = "Supporting Files";
			sourceTree = "<group>";
		};
		C29341421EC43D89003FB9A0 /* RACDemoTests */ = {
			isa = PBXGroup;
			children = (
				C29341431EC43D89003FB9A0 /* RACDemoTests.m */,
				C29341451EC43D89003FB9A0 /* Info.plist */,
			);
			path = RACDemoTests;
			sourceTree = "<group>";
		};
		C293414D1EC43D89003FB9A0 /* RACDemoUITests */ = {
			isa = PBXGroup;
			children = (
				C293414E1EC43D89003FB9A0 /* RACDemoUITests.m */,
				C29341501EC43D89003FB9A0 /* Info.plist */,
			);
			path = RACDemoUITests;
			sourceTree = "<group>";
		};
/* End PBXGroup section */

/* Begin PBXNativeTarget section */
		C29341251EC43D89003FB9A0 /* RACDemo */ = {
			isa = PBXNativeTarget;
			buildConfigurationList = C29341531EC43D89003FB9A0 /* Build configuration list for PBXNativeTarget "RACDemo" */;
			buildPhases = (
				B0C573DD8A4CEC8DCAA595C8 /* [CP] Check Pods Manifest.lock */,
				C29341221EC43D89003FB9A0 /* Sources */,
				C29341231EC43D89003FB9A0 /* Frameworks */,
				C29341241EC43D89003FB9A0 /* Resources */,
				2B462E4101E9FE037BE5E776 /* [CP] Embed Pods Frameworks */,
				9B034E1AE8D737A89860E9D5 /* [CP] Copy Pods Resources */,
			);
			buildRules = (
			);
			dependencies = (
			);
			name = RACDemo;
			productName = RACDemo;
			productReference = C29341261EC43D89003FB9A0 /* RACDemo.app */;
			productType = "com.apple.product-type.application";
		};
		C293413E1EC43D89003FB9A0 /* RACDemoTests */ = {
			isa = PBXNativeTarget;
			buildConfigurationList = C29341561EC43D89003FB9A0 /* Build configuration list for PBXNativeTarget "RACDemoTests" */;
			buildPhases = (
				11ED0A977DA5270101DEA166 /* [CP] Check Pods Manifest.lock */,
				C293413B1EC43D89003FB9A0 /* Sources */,
				C293413C1EC43D89003FB9A0 /* Frameworks */,
				C293413D1EC43D89003FB9A0 /* Resources */,
				59AD3F7700FD4EAF34DE51DC /* [CP] Embed Pods Frameworks */,
				F00AFAEFCB5B17A00A42AADB /* [CP] Copy Pods Resources */,
			);
			buildRules = (
			);
			dependencies = (
				C29341411EC43D89003FB9A0 /* PBXTargetDependency */,
			);
			name = RACDemoTests;
			productName = RACDemoTests;
			productReference = C293413F1EC43D89003FB9A0 /* RACDemoTests.xctest */;
			productType = "com.apple.product-type.bundle.unit-test";
		};
		C29341491EC43D89003FB9A0 /* RACDemoUITests */ = {
			isa = PBXNativeTarget;
			buildConfigurationList = C29341591EC43D89003FB9A0 /* Build configuration list for PBXNativeTarget "RACDemoUITests" */;
			buildPhases = (
				640257EE5BF3A6B7180ADD7A /* [CP] Check Pods Manifest.lock */,
				C29341461EC43D89003FB9A0 /* Sources */,
				C29341471EC43D89003FB9A0 /* Frameworks */,
				C29341481EC43D89003FB9A0 /* Resources */,
				52CF67BB5F7F4C7B5C376D13 /* [CP] Embed Pods Frameworks */,
				93F3F6A0305C5AE32BB5509D /* [CP] Copy Pods Resources */,
			);
			buildRules = (
			);
			dependencies = (
				C293414C1EC43D89003FB9A0 /* PBXTargetDependency */,
			);
			name = RACDemoUITests;
			productName = RACDemoUITests;
			productReference = C293414A1EC43D89003FB9A0 /* RACDemoUITests.xctest */;
			productType = "com.apple.product-type.bundle.ui-testing";
		};
/* End PBXNativeTarget section */

/* Begin PBXProject section */
		C293411E1EC43D89003FB9A0 /* Project object */ = {
			isa = PBXProject;
			attributes = {
				LastUpgradeCheck = 0830;
				ORGANIZATIONNAME = "刘彦铭";
				TargetAttributes = {
					C29341251EC43D89003FB9A0 = {
						CreatedOnToolsVersion = 8.3;
						ProvisioningStyle = Automatic;
					};
					C293413E1EC43D89003FB9A0 = {
						CreatedOnToolsVersion = 8.3;
						ProvisioningStyle = Automatic;
						TestTargetID = C29341251EC43D89003FB9A0;
					};
					C29341491EC43D89003FB9A0 = {
						CreatedOnToolsVersion = 8.3;
						ProvisioningStyle = Automatic;
						TestTargetID = C29341251EC43D89003FB9A0;
					};
				};
			};
			buildConfigurationList = C29341211EC43D89003FB9A0 /* Build configuration list for PBXProject "RACDemo" */;
			compatibilityVersion = "Xcode 3.2";
			developmentRegion = English;
			hasScannedForEncodings = 0;
			knownRegions = (
				en,
				Base,
			);
			mainGroup = C293411D1EC43D89003FB9A0;
			productRefGroup = C29341271EC43D89003FB9A0 /* Products */;
			projectDirPath = "";
			projectRoot = "";
			targets = (
				C29341251EC43D89003FB9A0 /* RACDemo */,
				C293413E1EC43D89003FB9A0 /* RACDemoTests */,
				C29341491EC43D89003FB9A0 /* RACDemoUITests */,
			);
		};
/* End PBXProject section */

/* Begin PBXResourcesBuildPhase section */
		C29341241EC43D89003FB9A0 /* Resources */ = {
			isa = PBXResourcesBuildPhase;
			buildActionMask = 2147483647;
			files = (
				C29341391EC43D89003FB9A0 /* LaunchScreen.storyboard in Resources */,
				C29341361EC43D89003FB9A0 /* Assets.xcassets in Resources */,
				C29341341EC43D89003FB9A0 /* Main.storyboard in Resources */,
			);
			runOnlyForDeploymentPostprocessing = 0;
		};
		C293413D1EC43D89003FB9A0 /* Resources */ = {
			isa = PBXResourcesBuildPhase;
			buildActionMask = 2147483647;
			files = (
			);
			runOnlyForDeploymentPostprocessing = 0;
		};
		C29341481EC43D89003FB9A0 /* Resources */ = {
			isa = PBXResourcesBuildPhase;
			buildActionMask = 2147483647;
			files = (
			);
			runOnlyForDeploymentPostprocessing = 0;
		};
/* End PBXResourcesBuildPhase section */

/* Begin PBXShellScriptBuildPhase section */
		11ED0A977DA5270101DEA166 /* [CP] Check Pods Manifest.lock */ = {
			isa = PBXShellScriptBuildPhase;
			buildActionMask = 2147483647;
			files = (
			);
			inputPaths = (
			);
			name = "[CP] Check Pods Manifest.lock";
			outputPaths = (
			);
			runOnlyForDeploymentPostprocessing = 0;
			shellPath = /bin/sh;
			shellScript = "diff \"${PODS_ROOT}/../Podfile.lock\" \"${PODS_ROOT}/Manifest.lock\" > /dev/null\nif [ $? != 0 ] ; then\n    # print error to STDERR\n    echo \"error: The sandbox is not in sync with the Podfile.lock. Run 'pod install' or update your CocoaPods installation.\" >&2\n    exit 1\nfi\n";
			showEnvVarsInLog = 0;
		};
		2B462E4101E9FE037BE5E776 /* [CP] Embed Pods Frameworks */ = {
			isa = PBXShellScriptBuildPhase;
			buildActionMask = 2147483647;
			files = (
			);
			inputPaths = (
			);
			name = "[CP] Embed Pods Frameworks";
			outputPaths = (
			);
			runOnlyForDeploymentPostprocessing = 0;
			shellPath = /bin/sh;
			shellScript = "\"${SRCROOT}/Pods/Target Support Files/Pods-RACDemo/Pods-RACDemo-frameworks.sh\"\n";
			showEnvVarsInLog = 0;
		};
		52CF67BB5F7F4C7B5C376D13 /* [CP] Embed Pods Frameworks */ = {
			isa = PBXShellScriptBuildPhase;
			buildActionMask = 2147483647;
			files = (
			);
			inputPaths = (
			);
			name = "[CP] Embed Pods Frameworks";
			outputPaths = (
			);
			runOnlyForDeploymentPostprocessing = 0;
			shellPath = /bin/sh;
			shellScript = "\"${SRCROOT}/Pods/Target Support Files/Pods-RACDemoUITests/Pods-RACDemoUITests-frameworks.sh\"\n";
			showEnvVarsInLog = 0;
		};
		59AD3F7700FD4EAF34DE51DC /* [CP] Embed Pods Frameworks */ = {
			isa = PBXShellScriptBuildPhase;
			buildActionMask = 2147483647;
			files = (
			);
			inputPaths = (
			);
			name = "[CP] Embed Pods Frameworks";
			outputPaths = (
			);
			runOnlyForDeploymentPostprocessing = 0;
			shellPath = /bin/sh;
			shellScript = "\"${SRCROOT}/Pods/Target Support Files/Pods-RACDemoTests/Pods-RACDemoTests-frameworks.sh\"\n";
			showEnvVarsInLog = 0;
		};
		640257EE5BF3A6B7180ADD7A /* [CP] Check Pods Manifest.lock */ = {
			isa = PBXShellScriptBuildPhase;
			buildActionMask = 2147483647;
			files = (
			);
			inputPaths = (
			);
			name = "[CP] Check Pods Manifest.lock";
			outputPaths = (
			);
			runOnlyForDeploymentPostprocessing = 0;
			shellPath = /bin/sh;
			shellScript = "diff \"${PODS_ROOT}/../Podfile.lock\" \"${PODS_ROOT}/Manifest.lock\" > /dev/null\nif [ $? != 0 ] ; then\n    # print error to STDERR\n    echo \"error: The sandbox is not in sync with the Podfile.lock. Run 'pod install' or update your CocoaPods installation.\" >&2\n    exit 1\nfi\n";
			showEnvVarsInLog = 0;
		};
		93F3F6A0305C5AE32BB5509D /* [CP] Copy Pods Resources */ = {
			isa = PBXShellScriptBuildPhase;
			buildActionMask = 2147483647;
			files = (
			);
			inputPaths = (
			);
			name = "[CP] Copy Pods Resources";
			outputPaths = (
			);
			runOnlyForDeploymentPostprocessing = 0;
			shellPath = /bin/sh;
			shellScript = "\"${SRCROOT}/Pods/Target Support Files/Pods-RACDemoUITests/Pods-RACDemoUITests-resources.sh\"\n";
			showEnvVarsInLog = 0;
		};
		9B034E1AE8D737A89860E9D5 /* [CP] Copy Pods Resources */ = {
			isa = PBXShellScriptBuildPhase;
			buildActionMask = 2147483647;
			files = (
			);
			inputPaths = (
			);
			name = "[CP] Copy Pods Resources";
			outputPaths = (
			);
			runOnlyForDeploymentPostprocessing = 0;
			shellPath = /bin/sh;
			shellScript = "\"${SRCROOT}/Pods/Target Support Files/Pods-RACDemo/Pods-RACDemo-resources.sh\"\n";
			showEnvVarsInLog = 0;
		};
		B0C573DD8A4CEC8DCAA595C8 /* [CP] Check Pods Manifest.lock */ = {
			isa = PBXShellScriptBuildPhase;
			buildActionMask = 2147483647;
			files = (
			);
			inputPaths = (
			);
			name = "[CP] Check Pods Manifest.lock";
			outputPaths = (
			);
			runOnlyForDeploymentPostprocessing = 0;
			shellPath = /bin/sh;
			shellScript = "diff \"${PODS_ROOT}/../Podfile.lock\" \"${PODS_ROOT}/Manifest.lock\" > /dev/null\nif [ $? != 0 ] ; then\n    # print error to STDERR\n    echo \"error: The sandbox is not in sync with the Podfile.lock. Run 'pod install' or update your CocoaPods installation.\" >&2\n    exit 1\nfi\n";
			showEnvVarsInLog = 0;
		};
		F00AFAEFCB5B17A00A42AADB /* [CP] Copy Pods Resources */ = {
			isa = PBXShellScriptBuildPhase;
			buildActionMask = 2147483647;
			files = (
			);
			inputPaths = (
			);
			name = "[CP] Copy Pods Resources";
			outputPaths = (
			);
			runOnlyForDeploymentPostprocessing = 0;
			shellPath = /bin/sh;
			shellScript = "\"${SRCROOT}/Pods/Target Support Files/Pods-RACDemoTests/Pods-RACDemoTests-resources.sh\"\n";
			showEnvVarsInLog = 0;
		};
/* End PBXShellScriptBuildPhase section */

/* Begin PBXSourcesBuildPhase section */
		C29341221EC43D89003FB9A0 /* Sources */ = {
			isa = PBXSourcesBuildPhase;
			buildActionMask = 2147483647;
			files = (
				C293415E1EC45997003FB9A0 /* User.m in Sources */,
				C2DACC9D1EDBD32E00B1EC5F /* YMNetworkingTool.m in Sources */,
				C2DACC9E1EDBD32E00B1EC5F /* YMUploadParam.m in Sources */,
				C29341661EC482EB003FB9A0 /* TableViewCell.m in Sources */,
				C29341311EC43D89003FB9A0 /* ViewController.m in Sources */,
				C293412E1EC43D89003FB9A0 /* AppDelegate.m in Sources */,
				C29341631EC48233003FB9A0 /* TableViewController.m in Sources */,
				C2DACC9C1EDBD32E00B1EC5F /* InterfaceURLs.m in Sources */,
				C293412B1EC43D89003FB9A0 /* main.m in Sources */,
			);
			runOnlyForDeploymentPostprocessing = 0;
		};
		C293413B1EC43D89003FB9A0 /* Sources */ = {
			isa = PBXSourcesBuildPhase;
			buildActionMask = 2147483647;
			files = (
				C29341441EC43D89003FB9A0 /* RACDemoTests.m in Sources */,
			);
			runOnlyForDeploymentPostprocessing = 0;
		};
		C29341461EC43D89003FB9A0 /* Sources */ = {
			isa = PBXSourcesBuildPhase;
			buildActionMask = 2147483647;
			files = (
				C293414F1EC43D89003FB9A0 /* RACDemoUITests.m in Sources */,
			);
			runOnlyForDeploymentPostprocessing = 0;
		};
/* End PBXSourcesBuildPhase section */

/* Begin PBXTargetDependency section */
		C29341411EC43D89003FB9A0 /* PBXTargetDependency */ = {
			isa = PBXTargetDependency;
			target = C29341251EC43D89003FB9A0 /* RACDemo */;
			targetProxy = C29341401EC43D89003FB9A0 /* PBXContainerItemProxy */;
		};
		C293414C1EC43D89003FB9A0 /* PBXTargetDependency */ = {
			isa = PBXTargetDependency;
			target = C29341251EC43D89003FB9A0 /* RACDemo */;
			targetProxy = C293414B1EC43D89003FB9A0 /* PBXContainerItemProxy */;
		};
/* End PBXTargetDependency section */

/* Begin PBXVariantGroup section */
		C29341321EC43D89003FB9A0 /* Main.storyboard */ = {
			isa = PBXVariantGroup;
			children = (
				C29341331EC43D89003FB9A0 /* Base */,
			);
			name = Main.storyboard;
			sourceTree = "<group>";
		};
		C29341371EC43D89003FB9A0 /* LaunchScreen.storyboard */ = {
			isa = PBXVariantGroup;
			children = (
				C29341381EC43D89003FB9A0 /* Base */,
			);
			name = LaunchScreen.storyboard;
			sourceTree = "<group>";
		};
/* End PBXVariantGroup section */

/* Begin XCBuildConfiguration section */
		C29341511EC43D89003FB9A0 /* Debug */ = {
			isa = XCBuildConfiguration;
			buildSettings = {
				ALWAYS_SEARCH_USER_PATHS = NO;
				CLANG_ANALYZER_NONNULL = YES;
				CLANG_ANALYZER_NUMBER_OBJECT_CONVERSION = YES_AGGRESSIVE;
				CLANG_CXX_LANGUAGE_STANDARD = "gnu++0x";
				CLANG_CXX_LIBRARY = "libc++";
				CLANG_ENABLE_MODULES = YES;
				CLANG_ENABLE_OBJC_ARC = YES;
				CLANG_WARN_BOOL_CONVERSION = YES;
				CLANG_WARN_CONSTANT_CONVERSION = YES;
				CLANG_WARN_DIRECT_OBJC_ISA_USAGE = YES_ERROR;
				CLANG_WARN_DOCUMENTATION_COMMENTS = YES;
				CLANG_WARN_EMPTY_BODY = YES;
				CLANG_WARN_ENUM_CONVERSION = YES;
				CLANG_WARN_INFINITE_RECURSION = YES;
				CLANG_WARN_INT_CONVERSION = YES;
				CLANG_WARN_OBJC_ROOT_CLASS = YES_ERROR;
				CLANG_WARN_SUSPICIOUS_MOVE = YES;
				CLANG_WARN_UNREACHABLE_CODE = YES;
				CLANG_WARN__DUPLICATE_METHOD_MATCH = YES;
				"CODE_SIGN_IDENTITY[sdk=iphoneos*]" = "iPhone Developer";
				COPY_PHASE_STRIP = NO;
				DEBUG_INFORMATION_FORMAT = dwarf;
				ENABLE_STRICT_OBJC_MSGSEND = YES;
				ENABLE_TESTABILITY = YES;
				GCC_C_LANGUAGE_STANDARD = gnu99;
				GCC_DYNAMIC_NO_PIC = NO;
				GCC_NO_COMMON_BLOCKS = YES;
				GCC_OPTIMIZATION_LEVEL = 0;
				GCC_PREPROCESSOR_DEFINITIONS = (
					"DEBUG=1",
					"$(inherited)",
				);
				GCC_WARN_64_TO_32_BIT_CONVERSION = YES;
				GCC_WARN_ABOUT_RETURN_TYPE = YES_ERROR;
				GCC_WARN_UNDECLARED_SELECTOR = YES;
				GCC_WARN_UNINITIALIZED_AUTOS = YES_AGGRESSIVE;
				GCC_WARN_UNUSED_FUNCTION = YES;
				GCC_WARN_UNUSED_VARIABLE = YES;
				IPHONEOS_DEPLOYMENT_TARGET = 10.3;
				MTL_ENABLE_DEBUG_INFO = YES;
				ONLY_ACTIVE_ARCH = YES;
				SDKROOT = iphoneos;
			};
			name = Debug;
		};
		C29341521EC43D89003FB9A0 /* Release */ = {
			isa = XCBuildConfiguration;
			buildSettings = {
				ALWAYS_SEARCH_USER_PATHS = NO;
				CLANG_ANALYZER_NONNULL = YES;
				CLANG_ANALYZER_NUMBER_OBJECT_CONVERSION = YES_AGGRESSIVE;
				CLANG_CXX_LANGUAGE_STANDARD = "gnu++0x";
				CLANG_CXX_LIBRARY = "libc++";
				CLANG_ENABLE_MODULES = YES;
				CLANG_ENABLE_OBJC_ARC = YES;
				CLANG_WARN_BOOL_CONVERSION = YES;
				CLANG_WARN_CONSTANT_CONVERSION = YES;
				CLANG_WARN_DIRECT_OBJC_ISA_USAGE = YES_ERROR;
				CLANG_WARN_DOCUMENTATION_COMMENTS = YES;
				CLANG_WARN_EMPTY_BODY = YES;
				CLANG_WARN_ENUM_CONVERSION = YES;
				CLANG_WARN_INFINITE_RECURSION = YES;
				CLANG_WARN_INT_CONVERSION = YES;
				CLANG_WARN_OBJC_ROOT_CLASS = YES_ERROR;
				CLANG_WARN_SUSPICIOUS_MOVE = YES;
				CLANG_WARN_UNREACHABLE_CODE = YES;
				CLANG_WARN__DUPLICATE_METHOD_MATCH = YES;
				"CODE_SIGN_IDENTITY[sdk=iphoneos*]" = "iPhone Developer";
				COPY_PHASE_STRIP = NO;
				DEBUG_INFORMATION_FORMAT = "dwarf-with-dsym";
				ENABLE_NS_ASSERTIONS = NO;
				ENABLE_STRICT_OBJC_MSGSEND = YES;
				GCC_C_LANGUAGE_STANDARD = gnu99;
				GCC_NO_COMMON_BLOCKS = YES;
				GCC_WARN_64_TO_32_BIT_CONVERSION = YES;
				GCC_WARN_ABOUT_RETURN_TYPE = YES_ERROR;
				GCC_WARN_UNDECLARED_SELECTOR = YES;
				GCC_WARN_UNINITIALIZED_AUTOS = YES_AGGRESSIVE;
				GCC_WARN_UNUSED_FUNCTION = YES;
				GCC_WARN_UNUSED_VARIABLE = YES;
				IPHONEOS_DEPLOYMENT_TARGET = 10.3;
				MTL_ENABLE_DEBUG_INFO = NO;
				SDKROOT = iphoneos;
				VALIDATE_PRODUCT = YES;
			};
			name = Release;
		};
		C29341541EC43D89003FB9A0 /* Debug */ = {
			isa = XCBuildConfiguration;
			baseConfigurationReference = 2C5BCF6198C82C33066F310A /* Pods-RACDemo.debug.xcconfig */;
			buildSettings = {
				ASSETCATALOG_COMPILER_APPICON_NAME = AppIcon;
				INFOPLIST_FILE = RACDemo/Info.plist;
				LD_RUNPATH_SEARCH_PATHS = "$(inherited) @executable_path/Frameworks";
				PRODUCT_BUNDLE_IDENTIFIER = ym.com.RACDemo;
				PRODUCT_NAME = "$(TARGET_NAME)";
			};
			name = Debug;
		};
		C29341551EC43D89003FB9A0 /* Release */ = {
			isa = XCBuildConfiguration;
			baseConfigurationReference = 01816198F46A0327060007C5 /* Pods-RACDemo.release.xcconfig */;
			buildSettings = {
				ASSETCATALOG_COMPILER_APPICON_NAME = AppIcon;
				INFOPLIST_FILE = RACDemo/Info.plist;
				LD_RUNPATH_SEARCH_PATHS = "$(inherited) @executable_path/Frameworks";
				PRODUCT_BUNDLE_IDENTIFIER = ym.com.RACDemo;
				PRODUCT_NAME = "$(TARGET_NAME)";
			};
			name = Release;
		};
		C29341571EC43D89003FB9A0 /* Debug */ = {
			isa = XCBuildConfiguration;
			baseConfigurationReference = 350573A3A5F2F375E62F26D3 /* Pods-RACDemoTests.debug.xcconfig */;
			buildSettings = {
				BUNDLE_LOADER = "$(TEST_HOST)";
				INFOPLIST_FILE = RACDemoTests/Info.plist;
				LD_RUNPATH_SEARCH_PATHS = "$(inherited) @executable_path/Frameworks @loader_path/Frameworks";
				PRODUCT_BUNDLE_IDENTIFIER = ym.com.RACDemoTests;
				PRODUCT_NAME = "$(TARGET_NAME)";
				TEST_HOST = "$(BUILT_PRODUCTS_DIR)/RACDemo.app/RACDemo";
			};
			name = Debug;
		};
		C29341581EC43D89003FB9A0 /* Release */ = {
			isa = XCBuildConfiguration;
			baseConfigurationReference = 4FB2C8991F4A39CBC22E01E8 /* Pods-RACDemoTests.release.xcconfig */;
			buildSettings = {
				BUNDLE_LOADER = "$(TEST_HOST)";
				INFOPLIST_FILE = RACDemoTests/Info.plist;
				LD_RUNPATH_SEARCH_PATHS = "$(inherited) @executable_path/Frameworks @loader_path/Frameworks";
				PRODUCT_BUNDLE_IDENTIFIER = ym.com.RACDemoTests;
				PRODUCT_NAME = "$(TARGET_NAME)";
				TEST_HOST = "$(BUILT_PRODUCTS_DIR)/RACDemo.app/RACDemo";
			};
			name = Release;
		};
		C293415A1EC43D89003FB9A0 /* Debug */ = {
			isa = XCBuildConfiguration;
			baseConfigurationReference = 5521038BDB566A569065065C /* Pods-RACDemoUITests.debug.xcconfig */;
			buildSettings = {
				INFOPLIST_FILE = RACDemoUITests/Info.plist;
				LD_RUNPATH_SEARCH_PATHS = "$(inherited) @executable_path/Frameworks @loader_path/Frameworks";
				PRODUCT_BUNDLE_IDENTIFIER = ym.com.RACDemoUITests;
				PRODUCT_NAME = "$(TARGET_NAME)";
				TEST_TARGET_NAME = RACDemo;
			};
			name = Debug;
		};
		C293415B1EC43D89003FB9A0 /* Release */ = {
			isa = XCBuildConfiguration;
			baseConfigurationReference = 50C57BFC8857C536E0274D54 /* Pods-RACDemoUITests.release.xcconfig */;
			buildSettings = {
				INFOPLIST_FILE = RACDemoUITests/Info.plist;
				LD_RUNPATH_SEARCH_PATHS = "$(inherited) @executable_path/Frameworks @loader_path/Frameworks";
				PRODUCT_BUNDLE_IDENTIFIER = ym.com.RACDemoUITests;
				PRODUCT_NAME = "$(TARGET_NAME)";
				TEST_TARGET_NAME = RACDemo;
			};
			name = Release;
		};
/* End XCBuildConfiguration section */

/* Begin XCConfigurationList section */
		C29341211EC43D89003FB9A0 /* Build configuration list for PBXProject "RACDemo" */ = {
			isa = XCConfigurationList;
			buildConfigurations = (
				C29341511EC43D89003FB9A0 /* Debug */,
				C29341521EC43D89003FB9A0 /* Release */,
			);
			defaultConfigurationIsVisible = 0;
			defaultConfigurationName = Release;
		};
		C29341531EC43D89003FB9A0 /* Build configuration list for PBXNativeTarget "RACDemo" */ = {
			isa = XCConfigurationList;
			buildConfigurations = (
				C29341541EC43D89003FB9A0 /* Debug */,
				C29341551EC43D89003FB9A0 /* Release */,
			);
			defaultConfigurationIsVisible = 0;
			defaultConfigurationName = Release;
		};
		C29341561EC43D89003FB9A0 /* Build configuration list for PBXNativeTarget "RACDemoTests" */ = {
			isa = XCConfigurationList;
			buildConfigurations = (
				C29341571EC43D89003FB9A0 /* Debug */,
				C29341581EC43D89003FB9A0 /* Release */,
			);
			defaultConfigurationIsVisible = 0;
			defaultConfigurationName = Release;
		};
		C29341591EC43D89003FB9A0 /* Build configuration list for PBXNativeTarget "RACDemoUITests" */ = {
			isa = XCConfigurationList;
			buildConfigurations = (
				C293415A1EC43D89003FB9A0 /* Debug */,
				C293415B1EC43D89003FB9A0 /* Release */,
			);
			defaultConfigurationIsVisible = 0;
			defaultConfigurationName = Release;
		};
/* End XCConfigurationList section */
	};
	rootObject = C293411E1EC43D89003FB9A0 /* Project object */;
}
