// !$*UTF8*$!
{
	archiveVersion = 1;
	classes = {
	};
	objectVersion = 46;
	objects = {

/* Begin PBXBuildFile section */
		31B752FE692F08A60EB6F1A2 /* Pods_RACDemoTests.framework in Frameworks */ = {isa = PBXBuildFile; fileRef = A6FC46EB993C5AF3997640B5 /* Pods_RACDemoTests.framework */; };
		7F2C3ABB626F7453097BA82F /* Pods_RACDemo.framework in Frameworks */ = {isa = PBXBuildFile; fileRef = EAF07DDA3E5186A0F647406F /* Pods_RACDemo.framework */; };
		B87ED787B972497E3A2BD358 /* Pods_RACDemoUITests.framework in Frameworks */ = {isa = PBXBuildFile; fileRef = D0FAD0F557F9F997798C3C77 /* Pods_RACDemoUITests.framework */; };
		C210E7521F5D202E0059A8B7 /* AnimationContoller.m in Sources */ = {isa = PBXBuildFile; fileRef = C210E74F1F5D202E0059A8B7 /* AnimationContoller.m */; };
		C210E7531F5D202E0059A8B7 /* KLTNavigationController.m in Sources */ = {isa = PBXBuildFile; fileRef = C210E7511F5D202E0059A8B7 /* KLTNavigationController.m */; };
		C210E7551F5D20360059A8B7 /* README.md in Sources */ = {isa = PBXBuildFile; fileRef = C210E7541F5D20360059A8B7 /* README.md */; };
		C22510B61F1CF6430008773A /* NetController.m in Sources */ = {isa = PBXBuildFile; fileRef = C22510B51F1CF6430008773A /* NetController.m */; };
		C22684A41FA85FF4003DF88F /* MBExtension.bundle in Resources */ = {isa = PBXBuildFile; fileRef = C22684A21FA85FF4003DF88F /* MBExtension.bundle */; };
		C22684A51FA85FF4003DF88F /* MBProgressHUD+BWMExtension.m in Sources */ = {isa = PBXBuildFile; fileRef = C22684A31FA85FF4003DF88F /* MBProgressHUD+BWMExtension.m */; };
		C23ED3441FA458D300832DE7 /* RGBViewController.m in Sources */ = {isa = PBXBuildFile; fileRef = C23ED3431FA458D300832DE7 /* RGBViewController.m */; };
		C241EB881F27349E007A16E7 /* flags.plist in Resources */ = {isa = PBXBuildFile; fileRef = C241EB871F27349E007A16E7 /* flags.plist */; };
		C28A22C31FA9A7F70035B5DF /* LoactionViewController.m in Sources */ = {isa = PBXBuildFile; fileRef = C28A22C21FA9A7F60035B5DF /* LoactionViewController.m */; };
		C28A22C61FA9A9F10035B5DF /* YMLocationManager.m in Sources */ = {isa = PBXBuildFile; fileRef = C28A22C51FA9A9F10035B5DF /* YMLocationManager.m */; };
		C28A23311FA9D55F0035B5DF /* YMConst.m in Sources */ = {isa = PBXBuildFile; fileRef = C28A232F1FA9D55F0035B5DF /* YMConst.m */; };
		C28A23321FA9D55F0035B5DF /* areas.json in Resources */ = {isa = PBXBuildFile; fileRef = C28A23301FA9D55F0035B5DF /* areas.json */; };
		C28A23331FA9D5A30035B5DF /* YMAPIConst.m in Sources */ = {isa = PBXBuildFile; fileRef = C233EBF41F7CC28600D86AE9 /* YMAPIConst.m */; };
		C28A23381FA9D6C60035B5DF /* YMTextView.m in Sources */ = {isa = PBXBuildFile; fileRef = C28A23361FA9D6C50035B5DF /* YMTextView.m */; };
		C28A233E1FA9D6D00035B5DF /* YMDatePickerView.m in Sources */ = {isa = PBXBuildFile; fileRef = C28A233B1FA9D6D00035B5DF /* YMDatePickerView.m */; };
		C28A233F1FA9D6D00035B5DF /* pickerControl.m in Sources */ = {isa = PBXBuildFile; fileRef = C28A233C1FA9D6D00035B5DF /* pickerControl.m */; };
		C28A23621FA9D70E0035B5DF /* UIView+PYExtension.m in Sources */ = {isa = PBXBuildFile; fileRef = C28A23421FA9D70E0035B5DF /* UIView+PYExtension.m */; };
		C28A23631FA9D70E0035B5DF /* MBProgressHUD+PYExtension.m in Sources */ = {isa = PBXBuildFile; fileRef = C28A23451FA9D70E0035B5DF /* MBProgressHUD+PYExtension.m */; };
		C28A23641FA9D70E0035B5DF /* PYProgressView.m in Sources */ = {isa = PBXBuildFile; fileRef = C28A23471FA9D70E0035B5DF /* PYProgressView.m */; };
		C28A23651FA9D70E0035B5DF /* PYPhotoBrowserConst.m in Sources */ = {isa = PBXBuildFile; fileRef = C28A234A1FA9D70E0035B5DF /* PYPhotoBrowserConst.m */; };
		C28A23661FA9D70E0035B5DF /* PYPhotosViewController.m in Sources */ = {isa = PBXBuildFile; fileRef = C28A234F1FA9D70E0035B5DF /* PYPhotosViewController.m */; };
		C28A23671FA9D70E0035B5DF /* PYPhotosReaderController.m in Sources */ = {isa = PBXBuildFile; fileRef = C28A23511FA9D70E0035B5DF /* PYPhotosReaderController.m */; };
		C28A23681FA9D70E0035B5DF /* PYPhotosNavigationController.m in Sources */ = {isa = PBXBuildFile; fileRef = C28A23521FA9D70E0035B5DF /* PYPhotosNavigationController.m */; };
		C28A23691FA9D70E0035B5DF /* PYPhotosPreviewController.m in Sources */ = {isa = PBXBuildFile; fileRef = C28A23531FA9D70E0035B5DF /* PYPhotosPreviewController.m */; };
		C28A236A1FA9D70E0035B5DF /* PYPhoto.m in Sources */ = {isa = PBXBuildFile; fileRef = C28A23571FA9D70E0035B5DF /* PYPhoto.m */; };
		C28A236B1FA9D70E0035B5DF /* PYPhotosView.m in Sources */ = {isa = PBXBuildFile; fileRef = C28A23591FA9D70E0035B5DF /* PYPhotosView.m */; };
		C28A236C1FA9D70E0035B5DF /* PYPhotoBrowseView.m in Sources */ = {isa = PBXBuildFile; fileRef = C28A235D1FA9D70E0035B5DF /* PYPhotoBrowseView.m */; };
		C28A236D1FA9D70E0035B5DF /* PYPhotoCell.m in Sources */ = {isa = PBXBuildFile; fileRef = C28A235F1FA9D70E0035B5DF /* PYPhotoCell.m */; };
		C28A236E1FA9D70E0035B5DF /* PYPhotoView.m in Sources */ = {isa = PBXBuildFile; fileRef = C28A23601FA9D70E0035B5DF /* PYPhotoView.m */; };
		C28A236F1FA9D70E0035B5DF /* PYPhotosView.bundle in Resources */ = {isa = PBXBuildFile; fileRef = C28A23611FA9D70E0035B5DF /* PYPhotosView.bundle */; };
		C28A23771FA9D7180035B5DF /* MJDIYAutoFooter.m in Sources */ = {isa = PBXBuildFile; fileRef = C28A23721FA9D7180035B5DF /* MJDIYAutoFooter.m */; };
		C28A23781FA9D7180035B5DF /* MJDIYHeader.m in Sources */ = {isa = PBXBuildFile; fileRef = C28A23731FA9D7180035B5DF /* MJDIYHeader.m */; };
		C28A23791FA9D7180035B5DF /* MJDIYBackFooter.m in Sources */ = {isa = PBXBuildFile; fileRef = C28A23741FA9D7180035B5DF /* MJDIYBackFooter.m */; };
		C28A23811FA9D7210035B5DF /* FLAnimatedImageView+WebCache.m in Sources */ = {isa = PBXBuildFile; fileRef = C28A237B1FA9D7210035B5DF /* FLAnimatedImageView+WebCache.m */; };
		C28A238E1FA9D73A0035B5DF /* BMChineseSort.m in Sources */ = {isa = PBXBuildFile; fileRef = C28A238D1FA9D73A0035B5DF /* BMChineseSort.m */; };
		C28A23E31FA9DDA40035B5DF /* UIImageView+YMWebCache.m in Sources */ = {isa = PBXBuildFile; fileRef = C28A23C41FA9DDA00035B5DF /* UIImageView+YMWebCache.m */; };
		C28A23E41FA9DDA40035B5DF /* NSString+YMString.m in Sources */ = {isa = PBXBuildFile; fileRef = C28A23CD1FA9DDA10035B5DF /* NSString+YMString.m */; };
		C28A23E51FA9DDA40035B5DF /* NSString+Extension.m in Sources */ = {isa = PBXBuildFile; fileRef = C28A23CF1FA9DDA10035B5DF /* NSString+Extension.m */; };
		C28A23E61FA9DDA40035B5DF /* UITextView+Extension.m in Sources */ = {isa = PBXBuildFile; fileRef = C28A23D01FA9DDA20035B5DF /* UITextView+Extension.m */; };
		C28A23E71FA9DDA40035B5DF /* UIWindow+Extension.m in Sources */ = {isa = PBXBuildFile; fileRef = C28A23D11FA9DDA20035B5DF /* UIWindow+Extension.m */; };
		C28A23E81FA9DDA40035B5DF /* Foundation+Log.m in Sources */ = {isa = PBXBuildFile; fileRef = C28A23D21FA9DDA20035B5DF /* Foundation+Log.m */; };
		C28A23E91FA9DDA40035B5DF /* UIBarButtonItem+Extension.m in Sources */ = {isa = PBXBuildFile; fileRef = C28A23D41FA9DDA20035B5DF /* UIBarButtonItem+Extension.m */; };
		C28A23EA1FA9DDA40035B5DF /* UIView+Frame.m in Sources */ = {isa = PBXBuildFile; fileRef = C28A23D51FA9DDA20035B5DF /* UIView+Frame.m */; };
		C28A23EB1FA9DDA40035B5DF /* NSDictionary+YMLog.m in Sources */ = {isa = PBXBuildFile; fileRef = C28A23D61FA9DDA20035B5DF /* NSDictionary+YMLog.m */; };
		C28A23EC1FA9DDA40035B5DF /* NSString+Emoji.m in Sources */ = {isa = PBXBuildFile; fileRef = C28A23D91FA9DDA30035B5DF /* NSString+Emoji.m */; };
		C28A23ED1FA9DDA40035B5DF /* UIImage+YMImg.m in Sources */ = {isa = PBXBuildFile; fileRef = C28A23DA1FA9DDA30035B5DF /* UIImage+YMImg.m */; };
		C28A23EF1FA9DDA40035B5DF /* NSDate+Extension.m in Sources */ = {isa = PBXBuildFile; fileRef = C28A23DD1FA9DDA30035B5DF /* NSDate+Extension.m */; };
		C28A23F01FA9DDA40035B5DF /* CALayer+Border.m in Sources */ = {isa = PBXBuildFile; fileRef = C28A23E01FA9DDA40035B5DF /* CALayer+Border.m */; };
		C28A23F11FA9DDA40035B5DF /* UIColor+Hex.m in Sources */ = {isa = PBXBuildFile; fileRef = C28A23E11FA9DDA40035B5DF /* UIColor+Hex.m */; };
		C28A23F21FA9DDA40035B5DF /* UIColor+Extension.m in Sources */ = {isa = PBXBuildFile; fileRef = C28A23E21FA9DDA40035B5DF /* UIColor+Extension.m */; };
		C28A23FD1FA9E73B0035B5DF /* YYDiskCache.m in Sources */ = {isa = PBXBuildFile; fileRef = C28A23F51FA9E73B0035B5DF /* YYDiskCache.m */; };
		C28A23FE1FA9E73B0035B5DF /* YYCache.m in Sources */ = {isa = PBXBuildFile; fileRef = C28A23F71FA9E73B0035B5DF /* YYCache.m */; };
		C28A23FF1FA9E73B0035B5DF /* YYKVStorage.m in Sources */ = {isa = PBXBuildFile; fileRef = C28A23FB1FA9E73B0035B5DF /* YYKVStorage.m */; };
		C28A24001FA9E73B0035B5DF /* YYMemoryCache.m in Sources */ = {isa = PBXBuildFile; fileRef = C28A23FC1FA9E73B0035B5DF /* YYMemoryCache.m */; };
		C28A24221FAB11DB0035B5DF /* YMCacheHelper.m in Sources */ = {isa = PBXBuildFile; fileRef = C233EBF11F7CC28500D86AE9 /* YMCacheHelper.m */; };
		C28A24271FAB121D0035B5DF /* AnimationLoginController.m in Sources */ = {isa = PBXBuildFile; fileRef = C28A24261FAB121D0035B5DF /* AnimationLoginController.m */; };
		C28A242A1FAB1DBF0035B5DF /* PushNotificationController.m in Sources */ = {isa = PBXBuildFile; fileRef = C28A24291FAB1DBF0035B5DF /* PushNotificationController.m */; };
		C293412B1EC43D89003FB9A0 /* main.m in Sources */ = {isa = PBXBuildFile; fileRef = C293412A1EC43D89003FB9A0 /* main.m */; };
		C293412E1EC43D89003FB9A0 /* AppDelegate.m in Sources */ = {isa = PBXBuildFile; fileRef = C293412D1EC43D89003FB9A0 /* AppDelegate.m */; };
		C29341311EC43D89003FB9A0 /* ViewController.m in Sources */ = {isa = PBXBuildFile; fileRef = C29341301EC43D89003FB9A0 /* ViewController.m */; };
		C29341341EC43D89003FB9A0 /* Main.storyboard in Resources */ = {isa = PBXBuildFile; fileRef = C29341321EC43D89003FB9A0 /* Main.storyboard */; };
		C29341361EC43D89003FB9A0 /* Assets.xcassets in Resources */ = {isa = PBXBuildFile; fileRef = C29341351EC43D89003FB9A0 /* Assets.xcassets */; };
		C29341391EC43D89003FB9A0 /* LaunchScreen.storyboard in Resources */ = {isa = PBXBuildFile; fileRef = C29341371EC43D89003FB9A0 /* LaunchScreen.storyboard */; };
		C29341441EC43D89003FB9A0 /* RACDemoTests.m in Sources */ = {isa = PBXBuildFile; fileRef = C29341431EC43D89003FB9A0 /* RACDemoTests.m */; };
		C293414F1EC43D89003FB9A0 /* RACDemoUITests.m in Sources */ = {isa = PBXBuildFile; fileRef = C293414E1EC43D89003FB9A0 /* RACDemoUITests.m */; };
		C293415E1EC45997003FB9A0 /* User.m in Sources */ = {isa = PBXBuildFile; fileRef = C293415D1EC45997003FB9A0 /* User.m */; };
		C29341631EC48233003FB9A0 /* TableViewController.m in Sources */ = {isa = PBXBuildFile; fileRef = C29341621EC48233003FB9A0 /* TableViewController.m */; };
		C29341661EC482EB003FB9A0 /* TableViewCell.m in Sources */ = {isa = PBXBuildFile; fileRef = C29341651EC482EB003FB9A0 /* TableViewCell.m */; };
		C2A5F1BB1FAC40E800B96A75 /* YMBaseTextEditController.m in Sources */ = {isa = PBXBuildFile; fileRef = C2A5F1A21FAC40E300B96A75 /* YMBaseTextEditController.m */; };
		C2A5F1C01FAC40E800B96A75 /* YMBaseWebViewController.m in Sources */ = {isa = PBXBuildFile; fileRef = C2A5F1AB1FAC40E500B96A75 /* YMBaseWebViewController.m */; };
		C2A5F1C31FAC40E800B96A75 /* YMBaseTextViewController.m in Sources */ = {isa = PBXBuildFile; fileRef = C2A5F1B21FAC40E600B96A75 /* YMBaseTextViewController.m */; };
		C2A5F1C51FAC40E800B96A75 /* YMNavigationController.m in Sources */ = {isa = PBXBuildFile; fileRef = C2A5F1B61FAC40E700B96A75 /* YMNavigationController.m */; };
		C2A5F1C61FAC40E800B96A75 /* YMTabBarController.m in Sources */ = {isa = PBXBuildFile; fileRef = C2A5F1B81FAC40E700B96A75 /* YMTabBarController.m */; };
		C2A5F1CA1FAC4E6A00B96A75 /* UINavigationBar+Awesome.m in Sources */ = {isa = PBXBuildFile; fileRef = C2A5F1C81FAC4E6A00B96A75 /* UINavigationBar+Awesome.m */; };
		C2BB75221F1DA8B200723BB0 /* libsqlite3.0.tbd in Frameworks */ = {isa = PBXBuildFile; fileRef = C2BB75211F1DA8B200723BB0 /* libsqlite3.0.tbd */; };
/* End PBXBuildFile section */

/* Begin PBXContainerItemProxy section */
		C29341401EC43D89003FB9A0 /* PBXContainerItemProxy */ = {
			isa = PBXContainerItemProxy;
			containerPortal = C293411E1EC43D89003FB9A0 /* Project object */;
			proxyType = 1;
			remoteGlobalIDString = C29341251EC43D89003FB9A0;
			remoteInfo = RACDemo;
		};
		C293414B1EC43D89003FB9A0 /* PBXContainerItemProxy */ = {
			isa = PBXContainerItemProxy;
			containerPortal = C293411E1EC43D89003FB9A0 /* Project object */;
			proxyType = 1;
			remoteGlobalIDString = C29341251EC43D89003FB9A0;
			remoteInfo = RACDemo;
		};
/* End PBXContainerItemProxy section */

/* Begin PBXFileReference section */
		01816198F46A0327060007C5 /* Pods-RACDemo.release.xcconfig */ = {isa = PBXFileReference; includeInIndex = 1; lastKnownFileType = text.xcconfig; name = "Pods-RACDemo.release.xcconfig"; path = "Pods/Target Support Files/Pods-RACDemo/Pods-RACDemo.release.xcconfig"; sourceTree = "<group>"; };
		2C5BCF6198C82C33066F310A /* Pods-RACDemo.debug.xcconfig */ = {isa = PBXFileReference; includeInIndex = 1; lastKnownFileType = text.xcconfig; name = "Pods-RACDemo.debug.xcconfig"; path = "Pods/Target Support Files/Pods-RACDemo/Pods-RACDemo.debug.xcconfig"; sourceTree = "<group>"; };
		350573A3A5F2F375E62F26D3 /* Pods-RACDemoTests.debug.xcconfig */ = {isa = PBXFileReference; includeInIndex = 1; lastKnownFileType = text.xcconfig; name = "Pods-RACDemoTests.debug.xcconfig"; path = "Pods/Target Support Files/Pods-RACDemoTests/Pods-RACDemoTests.debug.xcconfig"; sourceTree = "<group>"; };
		4FB2C8991F4A39CBC22E01E8 /* Pods-RACDemoTests.release.xcconfig */ = {isa = PBXFileReference; includeInIndex = 1; lastKnownFileType = text.xcconfig; name = "Pods-RACDemoTests.release.xcconfig"; path = "Pods/Target Support Files/Pods-RACDemoTests/Pods-RACDemoTests.release.xcconfig"; sourceTree = "<group>"; };
		50C57BFC8857C536E0274D54 /* Pods-RACDemoUITests.release.xcconfig */ = {isa = PBXFileReference; includeInIndex = 1; lastKnownFileType = text.xcconfig; name = "Pods-RACDemoUITests.release.xcconfig"; path = "Pods/Target Support Files/Pods-RACDemoUITests/Pods-RACDemoUITests.release.xcconfig"; sourceTree = "<group>"; };
		5521038BDB566A569065065C /* Pods-RACDemoUITests.debug.xcconfig */ = {isa = PBXFileReference; includeInIndex = 1; lastKnownFileType = text.xcconfig; name = "Pods-RACDemoUITests.debug.xcconfig"; path = "Pods/Target Support Files/Pods-RACDemoUITests/Pods-RACDemoUITests.debug.xcconfig"; sourceTree = "<group>"; };
		A6FC46EB993C5AF3997640B5 /* Pods_RACDemoTests.framework */ = {isa = PBXFileReference; explicitFileType = wrapper.framework; includeInIndex = 0; path = Pods_RACDemoTests.framework; sourceTree = BUILT_PRODUCTS_DIR; };
		C210E74E1F5D202E0059A8B7 /* AnimationContoller.h */ = {isa = PBXFileReference; fileEncoding = 4; lastKnownFileType = sourcecode.c.h; path = AnimationContoller.h; sourceTree = "<group>"; };
		C210E74F1F5D202E0059A8B7 /* AnimationContoller.m */ = {isa = PBXFileReference; fileEncoding = 4; lastKnownFileType = sourcecode.c.objc; path = AnimationContoller.m; sourceTree = "<group>"; };
		C210E7501F5D202E0059A8B7 /* KLTNavigationController.h */ = {isa = PBXFileReference; fileEncoding = 4; lastKnownFileType = sourcecode.c.h; path = KLTNavigationController.h; sourceTree = "<group>"; };
		C210E7511F5D202E0059A8B7 /* KLTNavigationController.m */ = {isa = PBXFileReference; fileEncoding = 4; lastKnownFileType = sourcecode.c.objc; path = KLTNavigationController.m; sourceTree = "<group>"; };
		C210E7541F5D20360059A8B7 /* README.md */ = {isa = PBXFileReference; fileEncoding = 4; lastKnownFileType = net.daringfireball.markdown; path = README.md; sourceTree = "<group>"; };
		C22510B41F1CF6430008773A /* NetController.h */ = {isa = PBXFileReference; fileEncoding = 4; lastKnownFileType = sourcecode.c.h; name = NetController.h; path = Networking/NetController.h; sourceTree = "<group>"; };
		C22510B51F1CF6430008773A /* NetController.m */ = {isa = PBXFileReference; fileEncoding = 4; lastKnownFileType = sourcecode.c.objc; name = NetController.m; path = Networking/NetController.m; sourceTree = "<group>"; };
		C22684A11FA85FF4003DF88F /* MBProgressHUD+BWMExtension.h */ = {isa = PBXFileReference; fileEncoding = 4; lastKnownFileType = sourcecode.c.h; path = "MBProgressHUD+BWMExtension.h"; sourceTree = "<group>"; };
		C22684A21FA85FF4003DF88F /* MBExtension.bundle */ = {isa = PBXFileReference; lastKnownFileType = "wrapper.plug-in"; path = MBExtension.bundle; sourceTree = "<group>"; };
		C22684A31FA85FF4003DF88F /* MBProgressHUD+BWMExtension.m */ = {isa = PBXFileReference; fileEncoding = 4; lastKnownFileType = sourcecode.c.objc; path = "MBProgressHUD+BWMExtension.m"; sourceTree = "<group>"; };
		C233EBEC1F7CC28500D86AE9 /* YMAPIConst.h */ = {isa = PBXFileReference; lastKnownFileType = sourcecode.c.h; path = YMAPIConst.h; sourceTree = "<group>"; };
		C233EBED1F7CC28500D86AE9 /* YMNetworkCache.m */ = {isa = PBXFileReference; lastKnownFileType = sourcecode.c.objc; path = YMNetworkCache.m; sourceTree = "<group>"; };
		C233EBEE1F7CC28500D86AE9 /* YMCacheHelper.h */ = {isa = PBXFileReference; lastKnownFileType = sourcecode.c.h; path = YMCacheHelper.h; sourceTree = "<group>"; };
		C233EBEF1F7CC28500D86AE9 /* YMNetworkCache.h */ = {isa = PBXFileReference; lastKnownFileType = sourcecode.c.h; path = YMNetworkCache.h; sourceTree = "<group>"; };
		C233EBF01F7CC28500D86AE9 /* YMNetwork.h */ = {isa = PBXFileReference; lastKnownFileType = sourcecode.c.h; path = YMNetwork.h; sourceTree = "<group>"; };
		C233EBF11F7CC28500D86AE9 /* YMCacheHelper.m */ = {isa = PBXFileReference; lastKnownFileType = sourcecode.c.objc; path = YMCacheHelper.m; sourceTree = "<group>"; };
		C233EBF21F7CC28500D86AE9 /* YMNetworkHelper.h */ = {isa = PBXFileReference; lastKnownFileType = sourcecode.c.h; path = YMNetworkHelper.h; sourceTree = "<group>"; };
		C233EBF31F7CC28500D86AE9 /* YMNetworkHelper.m */ = {isa = PBXFileReference; lastKnownFileType = sourcecode.c.objc; path = YMNetworkHelper.m; sourceTree = "<group>"; };
		C233EBF41F7CC28600D86AE9 /* YMAPIConst.m */ = {isa = PBXFileReference; lastKnownFileType = sourcecode.c.objc; path = YMAPIConst.m; sourceTree = "<group>"; };
		C233EBF51F7CC28600D86AE9 /* YMNetwork.m */ = {isa = PBXFileReference; lastKnownFileType = sourcecode.c.objc; path = YMNetwork.m; sourceTree = "<group>"; };
		C23ED3421FA458D300832DE7 /* RGBViewController.h */ = {isa = PBXFileReference; lastKnownFileType = sourcecode.c.h; path = RGBViewController.h; sourceTree = "<group>"; };
		C23ED3431FA458D300832DE7 /* RGBViewController.m */ = {isa = PBXFileReference; lastKnownFileType = sourcecode.c.objc; path = RGBViewController.m; sourceTree = "<group>"; };
		C241EB871F27349E007A16E7 /* flags.plist */ = {isa = PBXFileReference; fileEncoding = 4; lastKnownFileType = text.plist.xml; path = flags.plist; sourceTree = "<group>"; };
		C28A22C11FA9A7F60035B5DF /* LoactionViewController.h */ = {isa = PBXFileReference; lastKnownFileType = sourcecode.c.h; path = LoactionViewController.h; sourceTree = "<group>"; };
		C28A22C21FA9A7F60035B5DF /* LoactionViewController.m */ = {isa = PBXFileReference; lastKnownFileType = sourcecode.c.objc; path = LoactionViewController.m; sourceTree = "<group>"; };
		C28A22C41FA9A9F10035B5DF /* YMLocationManager.h */ = {isa = PBXFileReference; lastKnownFileType = sourcecode.c.h; path = YMLocationManager.h; sourceTree = "<group>"; };
		C28A22C51FA9A9F10035B5DF /* YMLocationManager.m */ = {isa = PBXFileReference; lastKnownFileType = sourcecode.c.objc; path = YMLocationManager.m; sourceTree = "<group>"; };
		C28A22C71FA9AAC70035B5DF /* single.h */ = {isa = PBXFileReference; fileEncoding = 4; lastKnownFileType = sourcecode.c.h; path = single.h; sourceTree = "<group>"; };
		C28A232C1FA9D55F0035B5DF /* YMConst.h */ = {isa = PBXFileReference; fileEncoding = 4; lastKnownFileType = sourcecode.c.h; path = YMConst.h; sourceTree = "<group>"; };
		C28A232D1FA9D55F0035B5DF /* Headers.h */ = {isa = PBXFileReference; fileEncoding = 4; lastKnownFileType = sourcecode.c.h; path = Headers.h; sourceTree = "<group>"; };
		C28A232E1FA9D55F0035B5DF /* Defines.h */ = {isa = PBXFileReference; fileEncoding = 4; lastKnownFileType = sourcecode.c.h; path = Defines.h; sourceTree = "<group>"; };
		C28A232F1FA9D55F0035B5DF /* YMConst.m */ = {isa = PBXFileReference; fileEncoding = 4; lastKnownFileType = sourcecode.c.objc; path = YMConst.m; sourceTree = "<group>"; };
		C28A23301FA9D55F0035B5DF /* areas.json */ = {isa = PBXFileReference; fileEncoding = 4; lastKnownFileType = text.json; path = areas.json; sourceTree = "<group>"; };
		C28A23361FA9D6C50035B5DF /* YMTextView.m */ = {isa = PBXFileReference; fileEncoding = 4; lastKnownFileType = sourcecode.c.objc; path = YMTextView.m; sourceTree = "<group>"; };
		C28A23371FA9D6C50035B5DF /* YMTextView.h */ = {isa = PBXFileReference; fileEncoding = 4; lastKnownFileType = sourcecode.c.h; path = YMTextView.h; sourceTree = "<group>"; };
		C28A233A1FA9D6D00035B5DF /* pickerControl.h */ = {isa = PBXFileReference; fileEncoding = 4; lastKnownFileType = sourcecode.c.h; path = pickerControl.h; sourceTree = "<group>"; };
		C28A233B1FA9D6D00035B5DF /* YMDatePickerView.m */ = {isa = PBXFileReference; fileEncoding = 4; lastKnownFileType = sourcecode.c.objc; path = YMDatePickerView.m; sourceTree = "<group>"; };
		C28A233C1FA9D6D00035B5DF /* pickerControl.m */ = {isa = PBXFileReference; fileEncoding = 4; lastKnownFileType = sourcecode.c.objc; path = pickerControl.m; sourceTree = "<group>"; };
		C28A233D1FA9D6D00035B5DF /* YMDatePickerView.h */ = {isa = PBXFileReference; fileEncoding = 4; lastKnownFileType = sourcecode.c.h; path = YMDatePickerView.h; sourceTree = "<group>"; };
		C28A23421FA9D70E0035B5DF /* UIView+PYExtension.m */ = {isa = PBXFileReference; fileEncoding = 4; lastKnownFileType = sourcecode.c.objc; path = "UIView+PYExtension.m"; sourceTree = "<group>"; };
		C28A23431FA9D70E0035B5DF /* MBProgressHUD+PYExtension.h */ = {isa = PBXFileReference; fileEncoding = 4; lastKnownFileType = sourcecode.c.h; path = "MBProgressHUD+PYExtension.h"; sourceTree = "<group>"; };
		C28A23441FA9D70E0035B5DF /* UIView+PYExtension.h */ = {isa = PBXFileReference; fileEncoding = 4; lastKnownFileType = sourcecode.c.h; path = "UIView+PYExtension.h"; sourceTree = "<group>"; };
		C28A23451FA9D70E0035B5DF /* MBProgressHUD+PYExtension.m */ = {isa = PBXFileReference; fileEncoding = 4; lastKnownFileType = sourcecode.c.objc; path = "MBProgressHUD+PYExtension.m"; sourceTree = "<group>"; };
		C28A23471FA9D70E0035B5DF /* PYProgressView.m */ = {isa = PBXFileReference; fileEncoding = 4; lastKnownFileType = sourcecode.c.objc; path = PYProgressView.m; sourceTree = "<group>"; };
		C28A23481FA9D70E0035B5DF /* PYPhotoBrowserConst.h */ = {isa = PBXFileReference; fileEncoding = 4; lastKnownFileType = sourcecode.c.h; path = PYPhotoBrowserConst.h; sourceTree = "<group>"; };
		C28A23491FA9D70E0035B5DF /* PYProgressView.h */ = {isa = PBXFileReference; fileEncoding = 4; lastKnownFileType = sourcecode.c.h; path = PYProgressView.h; sourceTree = "<group>"; };
		C28A234A1FA9D70E0035B5DF /* PYPhotoBrowserConst.m */ = {isa = PBXFileReference; fileEncoding = 4; lastKnownFileType = sourcecode.c.objc; path = PYPhotoBrowserConst.m; sourceTree = "<group>"; };
		C28A234B1FA9D70E0035B5DF /* PYPhotoBrowser.h */ = {isa = PBXFileReference; fileEncoding = 4; lastKnownFileType = sourcecode.c.h; path = PYPhotoBrowser.h; sourceTree = "<group>"; };
		C28A234D1FA9D70E0035B5DF /* PYPhotosReaderController.h */ = {isa = PBXFileReference; fileEncoding = 4; lastKnownFileType = sourcecode.c.h; path = PYPhotosReaderController.h; sourceTree = "<group>"; };
		C28A234E1FA9D70E0035B5DF /* PYPhotosNavigationController.h */ = {isa = PBXFileReference; fileEncoding = 4; lastKnownFileType = sourcecode.c.h; path = PYPhotosNavigationController.h; sourceTree = "<group>"; };
		C28A234F1FA9D70E0035B5DF /* PYPhotosViewController.m */ = {isa = PBXFileReference; fileEncoding = 4; lastKnownFileType = sourcecode.c.objc; path = PYPhotosViewController.m; sourceTree = "<group>"; };
		C28A23501FA9D70E0035B5DF /* PYPhotosPreviewController.h */ = {isa = PBXFileReference; fileEncoding = 4; lastKnownFileType = sourcecode.c.h; path = PYPhotosPreviewController.h; sourceTree = "<group>"; };
		C28A23511FA9D70E0035B5DF /* PYPhotosReaderController.m */ = {isa = PBXFileReference; fileEncoding = 4; lastKnownFileType = sourcecode.c.objc; path = PYPhotosReaderController.m; sourceTree = "<group>"; };
		C28A23521FA9D70E0035B5DF /* PYPhotosNavigationController.m */ = {isa = PBXFileReference; fileEncoding = 4; lastKnownFileType = sourcecode.c.objc; path = PYPhotosNavigationController.m; sourceTree = "<group>"; };
		C28A23531FA9D70E0035B5DF /* PYPhotosPreviewController.m */ = {isa = PBXFileReference; fileEncoding = 4; lastKnownFileType = sourcecode.c.objc; path = PYPhotosPreviewController.m; sourceTree = "<group>"; };
		C28A23541FA9D70E0035B5DF /* PYPhotosViewController.h */ = {isa = PBXFileReference; fileEncoding = 4; lastKnownFileType = sourcecode.c.h; path = PYPhotosViewController.h; sourceTree = "<group>"; };
		C28A23561FA9D70E0035B5DF /* PYPhoto.h */ = {isa = PBXFileReference; fileEncoding = 4; lastKnownFileType = sourcecode.c.h; path = PYPhoto.h; sourceTree = "<group>"; };
		C28A23571FA9D70E0035B5DF /* PYPhoto.m */ = {isa = PBXFileReference; fileEncoding = 4; lastKnownFileType = sourcecode.c.objc; path = PYPhoto.m; sourceTree = "<group>"; };
		C28A23591FA9D70E0035B5DF /* PYPhotosView.m */ = {isa = PBXFileReference; fileEncoding = 4; lastKnownFileType = sourcecode.c.objc; path = PYPhotosView.m; sourceTree = "<group>"; };
		C28A235A1FA9D70E0035B5DF /* PYPhotoBrowseView.h */ = {isa = PBXFileReference; fileEncoding = 4; lastKnownFileType = sourcecode.c.h; path = PYPhotoBrowseView.h; sourceTree = "<group>"; };
		C28A235B1FA9D70E0035B5DF /* PYPhotoCell.h */ = {isa = PBXFileReference; fileEncoding = 4; lastKnownFileType = sourcecode.c.h; path = PYPhotoCell.h; sourceTree = "<group>"; };
		C28A235C1FA9D70E0035B5DF /* PYPhotoView.h */ = {isa = PBXFileReference; fileEncoding = 4; lastKnownFileType = sourcecode.c.h; path = PYPhotoView.h; sourceTree = "<group>"; };
		C28A235D1FA9D70E0035B5DF /* PYPhotoBrowseView.m */ = {isa = PBXFileReference; fileEncoding = 4; lastKnownFileType = sourcecode.c.objc; path = PYPhotoBrowseView.m; sourceTree = "<group>"; };
		C28A235E1FA9D70E0035B5DF /* PYPhotosView.h */ = {isa = PBXFileReference; fileEncoding = 4; lastKnownFileType = sourcecode.c.h; path = PYPhotosView.h; sourceTree = "<group>"; };
		C28A235F1FA9D70E0035B5DF /* PYPhotoCell.m */ = {isa = PBXFileReference; fileEncoding = 4; lastKnownFileType = sourcecode.c.objc; path = PYPhotoCell.m; sourceTree = "<group>"; };
		C28A23601FA9D70E0035B5DF /* PYPhotoView.m */ = {isa = PBXFileReference; fileEncoding = 4; lastKnownFileType = sourcecode.c.objc; path = PYPhotoView.m; sourceTree = "<group>"; };
		C28A23611FA9D70E0035B5DF /* PYPhotosView.bundle */ = {isa = PBXFileReference; lastKnownFileType = "wrapper.plug-in"; path = PYPhotosView.bundle; sourceTree = "<group>"; };
		C28A23711FA9D7180035B5DF /* MJDIYBackFooter.h */ = {isa = PBXFileReference; fileEncoding = 4; lastKnownFileType = sourcecode.c.h; path = MJDIYBackFooter.h; sourceTree = "<group>"; };
		C28A23721FA9D7180035B5DF /* MJDIYAutoFooter.m */ = {isa = PBXFileReference; fileEncoding = 4; lastKnownFileType = sourcecode.c.objc; path = MJDIYAutoFooter.m; sourceTree = "<group>"; };
		C28A23731FA9D7180035B5DF /* MJDIYHeader.m */ = {isa = PBXFileReference; fileEncoding = 4; lastKnownFileType = sourcecode.c.objc; path = MJDIYHeader.m; sourceTree = "<group>"; };
		C28A23741FA9D7180035B5DF /* MJDIYBackFooter.m */ = {isa = PBXFileReference; fileEncoding = 4; lastKnownFileType = sourcecode.c.objc; path = MJDIYBackFooter.m; sourceTree = "<group>"; };
		C28A23751FA9D7180035B5DF /* MJDIYHeader.h */ = {isa = PBXFileReference; fileEncoding = 4; lastKnownFileType = sourcecode.c.h; path = MJDIYHeader.h; sourceTree = "<group>"; };
		C28A23761FA9D7180035B5DF /* MJDIYAutoFooter.h */ = {isa = PBXFileReference; fileEncoding = 4; lastKnownFileType = sourcecode.c.h; path = MJDIYAutoFooter.h; sourceTree = "<group>"; };
		C28A237B1FA9D7210035B5DF /* FLAnimatedImageView+WebCache.m */ = {isa = PBXFileReference; fileEncoding = 4; lastKnownFileType = sourcecode.c.objc; path = "FLAnimatedImageView+WebCache.m"; sourceTree = "<group>"; };
		C28A237E1FA9D7210035B5DF /* FLAnimatedImageView+WebCache.h */ = {isa = PBXFileReference; fileEncoding = 4; lastKnownFileType = sourcecode.c.h; path = "FLAnimatedImageView+WebCache.h"; sourceTree = "<group>"; };
		C28A238C1FA9D73A0035B5DF /* BMChineseSort.h */ = {isa = PBXFileReference; fileEncoding = 4; lastKnownFileType = sourcecode.c.h; path = BMChineseSort.h; sourceTree = "<group>"; };
		C28A238D1FA9D73A0035B5DF /* BMChineseSort.m */ = {isa = PBXFileReference; fileEncoding = 4; lastKnownFileType = sourcecode.c.objc; path = BMChineseSort.m; sourceTree = "<group>"; };
		C28A23C41FA9DDA00035B5DF /* UIImageView+YMWebCache.m */ = {isa = PBXFileReference; fileEncoding = 4; lastKnownFileType = sourcecode.c.objc; path = "UIImageView+YMWebCache.m"; sourceTree = "<group>"; };
		C28A23C51FA9DDA00035B5DF /* UIBarButtonItem+Extension.h */ = {isa = PBXFileReference; fileEncoding = 4; lastKnownFileType = sourcecode.c.h; path = "UIBarButtonItem+Extension.h"; sourceTree = "<group>"; };
		C28A23C61FA9DDA00035B5DF /* NSDictionary+YMLog.h */ = {isa = PBXFileReference; fileEncoding = 4; lastKnownFileType = sourcecode.c.h; path = "NSDictionary+YMLog.h"; sourceTree = "<group>"; };
		C28A23C81FA9DDA10035B5DF /* UIImageView+YMWebCache.h */ = {isa = PBXFileReference; fileEncoding = 4; lastKnownFileType = sourcecode.c.h; path = "UIImageView+YMWebCache.h"; sourceTree = "<group>"; };
		C28A23C91FA9DDA10035B5DF /* NSString+Extension.h */ = {isa = PBXFileReference; fileEncoding = 4; lastKnownFileType = sourcecode.c.h; path = "NSString+Extension.h"; sourceTree = "<group>"; };
		C28A23CA1FA9DDA10035B5DF /* UIWindow+Extension.h */ = {isa = PBXFileReference; fileEncoding = 4; lastKnownFileType = sourcecode.c.h; path = "UIWindow+Extension.h"; sourceTree = "<group>"; };
		C28A23CB1FA9DDA10035B5DF /* NSString+YMString.h */ = {isa = PBXFileReference; fileEncoding = 4; lastKnownFileType = sourcecode.c.h; path = "NSString+YMString.h"; sourceTree = "<group>"; };
		C28A23CC1FA9DDA10035B5DF /* CALayer+Border.h */ = {isa = PBXFileReference; fileEncoding = 4; lastKnownFileType = sourcecode.c.h; path = "CALayer+Border.h"; sourceTree = "<group>"; };
		C28A23CD1FA9DDA10035B5DF /* NSString+YMString.m */ = {isa = PBXFileReference; fileEncoding = 4; lastKnownFileType = sourcecode.c.objc; path = "NSString+YMString.m"; sourceTree = "<group>"; };
		C28A23CE1FA9DDA10035B5DF /* UIColor+Extension.h */ = {isa = PBXFileReference; fileEncoding = 4; lastKnownFileType = sourcecode.c.h; path = "UIColor+Extension.h"; sourceTree = "<group>"; };
		C28A23CF1FA9DDA10035B5DF /* NSString+Extension.m */ = {isa = PBXFileReference; fileEncoding = 4; lastKnownFileType = sourcecode.c.objc; path = "NSString+Extension.m"; sourceTree = "<group>"; };
		C28A23D01FA9DDA20035B5DF /* UITextView+Extension.m */ = {isa = PBXFileReference; fileEncoding = 4; lastKnownFileType = sourcecode.c.objc; path = "UITextView+Extension.m"; sourceTree = "<group>"; };
		C28A23D11FA9DDA20035B5DF /* UIWindow+Extension.m */ = {isa = PBXFileReference; fileEncoding = 4; lastKnownFileType = sourcecode.c.objc; path = "UIWindow+Extension.m"; sourceTree = "<group>"; };
		C28A23D21FA9DDA20035B5DF /* Foundation+Log.m */ = {isa = PBXFileReference; fileEncoding = 4; lastKnownFileType = sourcecode.c.objc; path = "Foundation+Log.m"; sourceTree = "<group>"; };
		C28A23D31FA9DDA20035B5DF /* NSString+Emoji.h */ = {isa = PBXFileReference; fileEncoding = 4; lastKnownFileType = sourcecode.c.h; path = "NSString+Emoji.h"; sourceTree = "<group>"; };
		C28A23D41FA9DDA20035B5DF /* UIBarButtonItem+Extension.m */ = {isa = PBXFileReference; fileEncoding = 4; lastKnownFileType = sourcecode.c.objc; path = "UIBarButtonItem+Extension.m"; sourceTree = "<group>"; };
		C28A23D51FA9DDA20035B5DF /* UIView+Frame.m */ = {isa = PBXFileReference; fileEncoding = 4; lastKnownFileType = sourcecode.c.objc; path = "UIView+Frame.m"; sourceTree = "<group>"; };
		C28A23D61FA9DDA20035B5DF /* NSDictionary+YMLog.m */ = {isa = PBXFileReference; fileEncoding = 4; lastKnownFileType = sourcecode.c.objc; path = "NSDictionary+YMLog.m"; sourceTree = "<group>"; };
		C28A23D71FA9DDA20035B5DF /* UITextView+Extension.h */ = {isa = PBXFileReference; fileEncoding = 4; lastKnownFileType = sourcecode.c.h; path = "UITextView+Extension.h"; sourceTree = "<group>"; };
		C28A23D81FA9DDA20035B5DF /* NSDate+Extension.h */ = {isa = PBXFileReference; fileEncoding = 4; lastKnownFileType = sourcecode.c.h; path = "NSDate+Extension.h"; sourceTree = "<group>"; };
		C28A23D91FA9DDA30035B5DF /* NSString+Emoji.m */ = {isa = PBXFileReference; fileEncoding = 4; lastKnownFileType = sourcecode.c.objc; path = "NSString+Emoji.m"; sourceTree = "<group>"; };
		C28A23DA1FA9DDA30035B5DF /* UIImage+YMImg.m */ = {isa = PBXFileReference; fileEncoding = 4; lastKnownFileType = sourcecode.c.objc; path = "UIImage+YMImg.m"; sourceTree = "<group>"; };
		C28A23DB1FA9DDA30035B5DF /* UIImage+YMImg.h */ = {isa = PBXFileReference; fileEncoding = 4; lastKnownFileType = sourcecode.c.h; path = "UIImage+YMImg.h"; sourceTree = "<group>"; };
		C28A23DD1FA9DDA30035B5DF /* NSDate+Extension.m */ = {isa = PBXFileReference; fileEncoding = 4; lastKnownFileType = sourcecode.c.objc; path = "NSDate+Extension.m"; sourceTree = "<group>"; };
		C28A23DE1FA9DDA30035B5DF /* UIColor+Hex.h */ = {isa = PBXFileReference; fileEncoding = 4; lastKnownFileType = sourcecode.c.h; path = "UIColor+Hex.h"; sourceTree = "<group>"; };
		C28A23DF1FA9DDA30035B5DF /* UIView+Frame.h */ = {isa = PBXFileReference; fileEncoding = 4; lastKnownFileType = sourcecode.c.h; path = "UIView+Frame.h"; sourceTree = "<group>"; };
		C28A23E01FA9DDA40035B5DF /* CALayer+Border.m */ = {isa = PBXFileReference; fileEncoding = 4; lastKnownFileType = sourcecode.c.objc; path = "CALayer+Border.m"; sourceTree = "<group>"; };
		C28A23E11FA9DDA40035B5DF /* UIColor+Hex.m */ = {isa = PBXFileReference; fileEncoding = 4; lastKnownFileType = sourcecode.c.objc; path = "UIColor+Hex.m"; sourceTree = "<group>"; };
		C28A23E21FA9DDA40035B5DF /* UIColor+Extension.m */ = {isa = PBXFileReference; fileEncoding = 4; lastKnownFileType = sourcecode.c.objc; path = "UIColor+Extension.m"; sourceTree = "<group>"; };
		C28A23F31FA9DE3A0035B5DF /* PrefixHeader.pch */ = {isa = PBXFileReference; lastKnownFileType = sourcecode.c.h; path = PrefixHeader.pch; sourceTree = "<group>"; };
		C28A23F51FA9E73B0035B5DF /* YYDiskCache.m */ = {isa = PBXFileReference; fileEncoding = 4; lastKnownFileType = sourcecode.c.objc; path = YYDiskCache.m; sourceTree = "<group>"; };
		C28A23F61FA9E73B0035B5DF /* YYKVStorage.h */ = {isa = PBXFileReference; fileEncoding = 4; lastKnownFileType = sourcecode.c.h; path = YYKVStorage.h; sourceTree = "<group>"; };
		C28A23F71FA9E73B0035B5DF /* YYCache.m */ = {isa = PBXFileReference; fileEncoding = 4; lastKnownFileType = sourcecode.c.objc; path = YYCache.m; sourceTree = "<group>"; };
		C28A23F81FA9E73B0035B5DF /* YYMemoryCache.h */ = {isa = PBXFileReference; fileEncoding = 4; lastKnownFileType = sourcecode.c.h; path = YYMemoryCache.h; sourceTree = "<group>"; };
		C28A23F91FA9E73B0035B5DF /* YYDiskCache.h */ = {isa = PBXFileReference; fileEncoding = 4; lastKnownFileType = sourcecode.c.h; path = YYDiskCache.h; sourceTree = "<group>"; };
		C28A23FA1FA9E73B0035B5DF /* YYCache.h */ = {isa = PBXFileReference; fileEncoding = 4; lastKnownFileType = sourcecode.c.h; path = YYCache.h; sourceTree = "<group>"; };
		C28A23FB1FA9E73B0035B5DF /* YYKVStorage.m */ = {isa = PBXFileReference; fileEncoding = 4; lastKnownFileType = sourcecode.c.objc; path = YYKVStorage.m; sourceTree = "<group>"; };
		C28A23FC1FA9E73B0035B5DF /* YYMemoryCache.m */ = {isa = PBXFileReference; fileEncoding = 4; lastKnownFileType = sourcecode.c.objc; path = YYMemoryCache.m; sourceTree = "<group>"; };
		C28A24251FAB121D0035B5DF /* AnimationLoginController.h */ = {isa = PBXFileReference; lastKnownFileType = sourcecode.c.h; path = AnimationLoginController.h; sourceTree = "<group>"; };
		C28A24261FAB121D0035B5DF /* AnimationLoginController.m */ = {isa = PBXFileReference; lastKnownFileType = sourcecode.c.objc; path = AnimationLoginController.m; sourceTree = "<group>"; };
		C28A24281FAB1DBF0035B5DF /* PushNotificationController.h */ = {isa = PBXFileReference; lastKnownFileType = sourcecode.c.h; path = PushNotificationController.h; sourceTree = "<group>"; };
		C28A24291FAB1DBF0035B5DF /* PushNotificationController.m */ = {isa = PBXFileReference; lastKnownFileType = sourcecode.c.objc; path = PushNotificationController.m; sourceTree = "<group>"; };
		C29341261EC43D89003FB9A0 /* RACDemo.app */ = {isa = PBXFileReference; explicitFileType = wrapper.application; includeInIndex = 0; path = RACDemo.app; sourceTree = BUILT_PRODUCTS_DIR; };
		C293412A1EC43D89003FB9A0 /* main.m */ = {isa = PBXFileReference; lastKnownFileType = sourcecode.c.objc; path = main.m; sourceTree = "<group>"; };
		C293412C1EC43D89003FB9A0 /* AppDelegate.h */ = {isa = PBXFileReference; lastKnownFileType = sourcecode.c.h; path = AppDelegate.h; sourceTree = "<group>"; };
		C293412D1EC43D89003FB9A0 /* AppDelegate.m */ = {isa = PBXFileReference; lastKnownFileType = sourcecode.c.objc; path = AppDelegate.m; sourceTree = "<group>"; };
		C293412F1EC43D89003FB9A0 /* ViewController.h */ = {isa = PBXFileReference; lastKnownFileType = sourcecode.c.h; path = ViewController.h; sourceTree = "<group>"; };
		C29341301EC43D89003FB9A0 /* ViewController.m */ = {isa = PBXFileReference; lastKnownFileType = sourcecode.c.objc; path = ViewController.m; sourceTree = "<group>"; };
		C29341331EC43D89003FB9A0 /* Base */ = {isa = PBXFileReference; lastKnownFileType = file.storyboard; name = Base; path = Base.lproj/Main.storyboard; sourceTree = "<group>"; };
		C29341351EC43D89003FB9A0 /* Assets.xcassets */ = {isa = PBXFileReference; lastKnownFileType = folder.assetcatalog; path = Assets.xcassets; sourceTree = "<group>"; };
		C29341381EC43D89003FB9A0 /* Base */ = {isa = PBXFileReference; lastKnownFileType = file.storyboard; name = Base; path = Base.lproj/LaunchScreen.storyboard; sourceTree = "<group>"; };
		C293413A1EC43D89003FB9A0 /* Info.plist */ = {isa = PBXFileReference; lastKnownFileType = text.plist.xml; path = Info.plist; sourceTree = "<group>"; };
		C293413F1EC43D89003FB9A0 /* RACDemoTests.xctest */ = {isa = PBXFileReference; explicitFileType = wrapper.cfbundle; includeInIndex = 0; path = RACDemoTests.xctest; sourceTree = BUILT_PRODUCTS_DIR; };
		C29341431EC43D89003FB9A0 /* RACDemoTests.m */ = {isa = PBXFileReference; lastKnownFileType = sourcecode.c.objc; path = RACDemoTests.m; sourceTree = "<group>"; };
		C29341451EC43D89003FB9A0 /* Info.plist */ = {isa = PBXFileReference; lastKnownFileType = text.plist.xml; path = Info.plist; sourceTree = "<group>"; };
		C293414A1EC43D89003FB9A0 /* RACDemoUITests.xctest */ = {isa = PBXFileReference; explicitFileType = wrapper.cfbundle; includeInIndex = 0; path = RACDemoUITests.xctest; sourceTree = BUILT_PRODUCTS_DIR; };
		C293414E1EC43D89003FB9A0 /* RACDemoUITests.m */ = {isa = PBXFileReference; lastKnownFileType = sourcecode.c.objc; path = RACDemoUITests.m; sourceTree = "<group>"; };
		C29341501EC43D89003FB9A0 /* Info.plist */ = {isa = PBXFileReference; lastKnownFileType = text.plist.xml; path = Info.plist; sourceTree = "<group>"; };
		C293415C1EC45997003FB9A0 /* User.h */ = {isa = PBXFileReference; fileEncoding = 4; lastKnownFileType = sourcecode.c.h; path = User.h; sourceTree = "<group>"; };
		C293415D1EC45997003FB9A0 /* User.m */ = {isa = PBXFileReference; fileEncoding = 4; lastKnownFileType = sourcecode.c.objc; path = User.m; sourceTree = "<group>"; };
		C29341611EC48233003FB9A0 /* TableViewController.h */ = {isa = PBXFileReference; fileEncoding = 4; lastKnownFileType = sourcecode.c.h; path = TableViewController.h; sourceTree = "<group>"; };
		C29341621EC48233003FB9A0 /* TableViewController.m */ = {isa = PBXFileReference; fileEncoding = 4; lastKnownFileType = sourcecode.c.objc; path = TableViewController.m; sourceTree = "<group>"; };
		C29341641EC482EB003FB9A0 /* TableViewCell.h */ = {isa = PBXFileReference; fileEncoding = 4; lastKnownFileType = sourcecode.c.h; path = TableViewCell.h; sourceTree = "<group>"; };
		C29341651EC482EB003FB9A0 /* TableViewCell.m */ = {isa = PBXFileReference; fileEncoding = 4; lastKnownFileType = sourcecode.c.objc; path = TableViewCell.m; sourceTree = "<group>"; };
		C2A5F1A21FAC40E300B96A75 /* YMBaseTextEditController.m */ = {isa = PBXFileReference; fileEncoding = 4; lastKnownFileType = sourcecode.c.objc; path = YMBaseTextEditController.m; sourceTree = "<group>"; };
		C2A5F1A31FAC40E300B96A75 /* YMNavigationController.h */ = {isa = PBXFileReference; fileEncoding = 4; lastKnownFileType = sourcecode.c.h; path = YMNavigationController.h; sourceTree = "<group>"; };
		C2A5F1A71FAC40E400B96A75 /* YMTabBarController.h */ = {isa = PBXFileReference; fileEncoding = 4; lastKnownFileType = sourcecode.c.h; path = YMTabBarController.h; sourceTree = "<group>"; };
		C2A5F1AB1FAC40E500B96A75 /* YMBaseWebViewController.m */ = {isa = PBXFileReference; fileEncoding = 4; lastKnownFileType = sourcecode.c.objc; path = YMBaseWebViewController.m; sourceTree = "<group>"; };
		C2A5F1AD1FAC40E500B96A75 /* YMBaseWebViewController.h */ = {isa = PBXFileReference; fileEncoding = 4; lastKnownFileType = sourcecode.c.h; path = YMBaseWebViewController.h; sourceTree = "<group>"; };
		C2A5F1B21FAC40E600B96A75 /* YMBaseTextViewController.m */ = {isa = PBXFileReference; fileEncoding = 4; lastKnownFileType = sourcecode.c.objc; path = YMBaseTextViewController.m; sourceTree = "<group>"; };
		C2A5F1B31FAC40E600B96A75 /* YMBaseTextViewController.h */ = {isa = PBXFileReference; fileEncoding = 4; lastKnownFileType = sourcecode.c.h; path = YMBaseTextViewController.h; sourceTree = "<group>"; };
		C2A5F1B61FAC40E700B96A75 /* YMNavigationController.m */ = {isa = PBXFileReference; fileEncoding = 4; lastKnownFileType = sourcecode.c.objc; path = YMNavigationController.m; sourceTree = "<group>"; };
		C2A5F1B71FAC40E700B96A75 /* YMBaseTextEditController.h */ = {isa = PBXFileReference; fileEncoding = 4; lastKnownFileType = sourcecode.c.h; path = YMBaseTextEditController.h; sourceTree = "<group>"; };
		C2A5F1B81FAC40E700B96A75 /* YMTabBarController.m */ = {isa = PBXFileReference; fileEncoding = 4; lastKnownFileType = sourcecode.c.objc; path = YMTabBarController.m; sourceTree = "<group>"; };
		C2A5F1C81FAC4E6A00B96A75 /* UINavigationBar+Awesome.m */ = {isa = PBXFileReference; fileEncoding = 4; lastKnownFileType = sourcecode.c.objc; path = "UINavigationBar+Awesome.m"; sourceTree = "<group>"; };
		C2A5F1C91FAC4E6A00B96A75 /* UINavigationBar+Awesome.h */ = {isa = PBXFileReference; fileEncoding = 4; lastKnownFileType = sourcecode.c.h; path = "UINavigationBar+Awesome.h"; sourceTree = "<group>"; };
		C2BB75211F1DA8B200723BB0 /* libsqlite3.0.tbd */ = {isa = PBXFileReference; lastKnownFileType = "sourcecode.text-based-dylib-definition"; name = libsqlite3.0.tbd; path = usr/lib/libsqlite3.0.tbd; sourceTree = SDKROOT; };
		D0FAD0F557F9F997798C3C77 /* Pods_RACDemoUITests.framework */ = {isa = PBXFileReference; explicitFileType = wrapper.framework; includeInIndex = 0; path = Pods_RACDemoUITests.framework; sourceTree = BUILT_PRODUCTS_DIR; };
		EAF07DDA3E5186A0F647406F /* Pods_RACDemo.framework */ = {isa = PBXFileReference; explicitFileType = wrapper.framework; includeInIndex = 0; path = Pods_RACDemo.framework; sourceTree = BUILT_PRODUCTS_DIR; };
/* End PBXFileReference section */

/* Begin PBXFrameworksBuildPhase section */
		C29341231EC43D89003FB9A0 /* Frameworks */ = {
			isa = PBXFrameworksBuildPhase;
			buildActionMask = 2147483647;
			files = (
				C2BB75221F1DA8B200723BB0 /* libsqlite3.0.tbd in Frameworks */,
				7F2C3ABB626F7453097BA82F /* Pods_RACDemo.framework in Frameworks */,
			);
			runOnlyForDeploymentPostprocessing = 0;
		};
		C293413C1EC43D89003FB9A0 /* Frameworks */ = {
			isa = PBXFrameworksBuildPhase;
			buildActionMask = 2147483647;
			files = (
				31B752FE692F08A60EB6F1A2 /* Pods_RACDemoTests.framework in Frameworks */,
			);
			runOnlyForDeploymentPostprocessing = 0;
		};
		C29341471EC43D89003FB9A0 /* Frameworks */ = {
			isa = PBXFrameworksBuildPhase;
			buildActionMask = 2147483647;
			files = (
				B87ED787B972497E3A2BD358 /* Pods_RACDemoUITests.framework in Frameworks */,
			);
			runOnlyForDeploymentPostprocessing = 0;
		};
/* End PBXFrameworksBuildPhase section */

/* Begin PBXGroup section */
		527085D9434AF236BCCAB67D /* Pods */ = {
			isa = PBXGroup;
			children = (
				2C5BCF6198C82C33066F310A /* Pods-RACDemo.debug.xcconfig */,
				01816198F46A0327060007C5 /* Pods-RACDemo.release.xcconfig */,
				350573A3A5F2F375E62F26D3 /* Pods-RACDemoTests.debug.xcconfig */,
				4FB2C8991F4A39CBC22E01E8 /* Pods-RACDemoTests.release.xcconfig */,
				5521038BDB566A569065065C /* Pods-RACDemoUITests.debug.xcconfig */,
				50C57BFC8857C536E0274D54 /* Pods-RACDemoUITests.release.xcconfig */,
			);
			name = Pods;
			sourceTree = "<group>";
		};
		980F8D9D61816E87469E565A /* Frameworks */ = {
			isa = PBXGroup;
			children = (
				C2BB75211F1DA8B200723BB0 /* libsqlite3.0.tbd */,
				EAF07DDA3E5186A0F647406F /* Pods_RACDemo.framework */,
				A6FC46EB993C5AF3997640B5 /* Pods_RACDemoTests.framework */,
				D0FAD0F557F9F997798C3C77 /* Pods_RACDemoUITests.framework */,
			);
			name = Frameworks;
			sourceTree = "<group>";
		};
		C210E74D1F5D202E0059A8B7 /* KLTAnimateNav */ = {
			isa = PBXGroup;
			children = (
				C210E7541F5D20360059A8B7 /* README.md */,
				C210E74E1F5D202E0059A8B7 /* AnimationContoller.h */,
				C210E74F1F5D202E0059A8B7 /* AnimationContoller.m */,
				C210E7501F5D202E0059A8B7 /* KLTNavigationController.h */,
				C210E7511F5D202E0059A8B7 /* KLTNavigationController.m */,
			);
			path = KLTAnimateNav;
			sourceTree = "<group>";
		};
		C22510A41F1C837A0008773A /* YMNetwork */ = {
			isa = PBXGroup;
			children = (
				C233EBF01F7CC28500D86AE9 /* YMNetwork.h */,
				C233EBF51F7CC28600D86AE9 /* YMNetwork.m */,
				C233EBEF1F7CC28500D86AE9 /* YMNetworkCache.h */,
				C233EBED1F7CC28500D86AE9 /* YMNetworkCache.m */,
			);
			path = YMNetwork;
			sourceTree = "<group>";
		};
		C22684A01FA85FF4003DF88F /* MBProgressHUD+BWMExtension */ = {
			isa = PBXGroup;
			children = (
				C22684A11FA85FF4003DF88F /* MBProgressHUD+BWMExtension.h */,
				C22684A31FA85FF4003DF88F /* MBProgressHUD+BWMExtension.m */,
				C22684A21FA85FF4003DF88F /* MBExtension.bundle */,
			);
			path = "MBProgressHUD+BWMExtension";
			sourceTree = "<group>";
		};
		C28A22C81FA9CF790035B5DF /* YMLocationManager */ = {
			isa = PBXGroup;
			children = (
				C28A22C41FA9A9F10035B5DF /* YMLocationManager.h */,
				C28A22C51FA9A9F10035B5DF /* YMLocationManager.m */,
			);
			path = YMLocationManager;
			sourceTree = "<group>";
		};
		C28A22F91FA9D1E20035B5DF /* LIb */ = {
			isa = PBXGroup;
			children = (
				C2A5F1C71FAC4E5000B96A75 /* LTNavigationBar */,
				C28A23F41FA9E73B0035B5DF /* YYCache */,
				C210E74D1F5D202E0059A8B7 /* KLTAnimateNav */,
			);
			path = LIb;
			sourceTree = "<group>";
		};
		C28A22FA1FA9D4680035B5DF /* YMHelper */ = {
			isa = PBXGroup;
			children = (
				C2A5F1781FAC407400B96A75 /* YMCommon */,
				C28A23C31FA9DD910035B5DF /* YMCategory */,
				C28A238B1FA9D73A0035B5DF /* BMChineseStringSort */,
				C28A237A1FA9D7210035B5DF /* FLAnimatedImageView+WebCache */,
				C28A23701FA9D7180035B5DF /* MJDIYRefresh */,
				C28A23401FA9D70E0035B5DF /* PYPhotoBrowser */,
				C28A23391FA9D6D00035B5DF /* PickerControl */,
				C28A23351FA9D6C50035B5DF /* YMTextView */,
				C22684A01FA85FF4003DF88F /* MBProgressHUD+BWMExtension */,
				C28A23341FA9D5C20035B5DF /* YMNetworkHelper */,
				C28A232B1FA9D55F0035B5DF /* Const */,
				C22510A41F1C837A0008773A /* YMNetwork */,
				C28A22C81FA9CF790035B5DF /* YMLocationManager */,
			);
			path = YMHelper;
			sourceTree = "<group>";
		};
		C28A232B1FA9D55F0035B5DF /* Const */ = {
			isa = PBXGroup;
			children = (
				C28A22C71FA9AAC70035B5DF /* single.h */,
				C28A232C1FA9D55F0035B5DF /* YMConst.h */,
				C28A232F1FA9D55F0035B5DF /* YMConst.m */,
				C28A232D1FA9D55F0035B5DF /* Headers.h */,
				C28A232E1FA9D55F0035B5DF /* Defines.h */,
				C28A23301FA9D55F0035B5DF /* areas.json */,
			);
			path = Const;
			sourceTree = "<group>";
		};
		C28A23341FA9D5C20035B5DF /* YMNetworkHelper */ = {
			isa = PBXGroup;
			children = (
				C233EBEC1F7CC28500D86AE9 /* YMAPIConst.h */,
				C233EBF41F7CC28600D86AE9 /* YMAPIConst.m */,
				C233EBF21F7CC28500D86AE9 /* YMNetworkHelper.h */,
				C233EBF31F7CC28500D86AE9 /* YMNetworkHelper.m */,
				C233EBEE1F7CC28500D86AE9 /* YMCacheHelper.h */,
				C233EBF11F7CC28500D86AE9 /* YMCacheHelper.m */,
			);
			path = YMNetworkHelper;
			sourceTree = "<group>";
		};
		C28A23351FA9D6C50035B5DF /* YMTextView */ = {
			isa = PBXGroup;
			children = (
				C28A23361FA9D6C50035B5DF /* YMTextView.m */,
				C28A23371FA9D6C50035B5DF /* YMTextView.h */,
			);
			path = YMTextView;
			sourceTree = "<group>";
		};
		C28A23391FA9D6D00035B5DF /* PickerControl */ = {
			isa = PBXGroup;
			children = (
				C28A233A1FA9D6D00035B5DF /* pickerControl.h */,
				C28A233C1FA9D6D00035B5DF /* pickerControl.m */,
				C28A233D1FA9D6D00035B5DF /* YMDatePickerView.h */,
				C28A233B1FA9D6D00035B5DF /* YMDatePickerView.m */,
			);
			path = PickerControl;
			sourceTree = "<group>";
		};
		C28A23401FA9D70E0035B5DF /* PYPhotoBrowser */ = {
			isa = PBXGroup;
			children = (
				C28A23411FA9D70E0035B5DF /* Category */,
				C28A23461FA9D70E0035B5DF /* Other */,
				C28A234B1FA9D70E0035B5DF /* PYPhotoBrowser.h */,
				C28A234C1FA9D70E0035B5DF /* Controller */,
				C28A23551FA9D70E0035B5DF /* Model */,
				C28A23581FA9D70E0035B5DF /* View */,
				C28A23611FA9D70E0035B5DF /* PYPhotosView.bundle */,
			);
			path = PYPhotoBrowser;
			sourceTree = "<group>";
		};
		C28A23411FA9D70E0035B5DF /* Category */ = {
			isa = PBXGroup;
			children = (
				C28A23421FA9D70E0035B5DF /* UIView+PYExtension.m */,
				C28A23431FA9D70E0035B5DF /* MBProgressHUD+PYExtension.h */,
				C28A23441FA9D70E0035B5DF /* UIView+PYExtension.h */,
				C28A23451FA9D70E0035B5DF /* MBProgressHUD+PYExtension.m */,
			);
			path = Category;
			sourceTree = "<group>";
		};
		C28A23461FA9D70E0035B5DF /* Other */ = {
			isa = PBXGroup;
			children = (
				C28A23471FA9D70E0035B5DF /* PYProgressView.m */,
				C28A23481FA9D70E0035B5DF /* PYPhotoBrowserConst.h */,
				C28A23491FA9D70E0035B5DF /* PYProgressView.h */,
				C28A234A1FA9D70E0035B5DF /* PYPhotoBrowserConst.m */,
			);
			path = Other;
			sourceTree = "<group>";
		};
		C28A234C1FA9D70E0035B5DF /* Controller */ = {
			isa = PBXGroup;
			children = (
				C28A234D1FA9D70E0035B5DF /* PYPhotosReaderController.h */,
				C28A234E1FA9D70E0035B5DF /* PYPhotosNavigationController.h */,
				C28A234F1FA9D70E0035B5DF /* PYPhotosViewController.m */,
				C28A23501FA9D70E0035B5DF /* PYPhotosPreviewController.h */,
				C28A23511FA9D70E0035B5DF /* PYPhotosReaderController.m */,
				C28A23521FA9D70E0035B5DF /* PYPhotosNavigationController.m */,
				C28A23531FA9D70E0035B5DF /* PYPhotosPreviewController.m */,
				C28A23541FA9D70E0035B5DF /* PYPhotosViewController.h */,
			);
			path = Controller;
			sourceTree = "<group>";
		};
		C28A23551FA9D70E0035B5DF /* Model */ = {
			isa = PBXGroup;
			children = (
				C28A23561FA9D70E0035B5DF /* PYPhoto.h */,
				C28A23571FA9D70E0035B5DF /* PYPhoto.m */,
			);
			path = Model;
			sourceTree = "<group>";
		};
		C28A23581FA9D70E0035B5DF /* View */ = {
			isa = PBXGroup;
			children = (
				C28A23591FA9D70E0035B5DF /* PYPhotosView.m */,
				C28A235A1FA9D70E0035B5DF /* PYPhotoBrowseView.h */,
				C28A235B1FA9D70E0035B5DF /* PYPhotoCell.h */,
				C28A235C1FA9D70E0035B5DF /* PYPhotoView.h */,
				C28A235D1FA9D70E0035B5DF /* PYPhotoBrowseView.m */,
				C28A235E1FA9D70E0035B5DF /* PYPhotosView.h */,
				C28A235F1FA9D70E0035B5DF /* PYPhotoCell.m */,
				C28A23601FA9D70E0035B5DF /* PYPhotoView.m */,
			);
			path = View;
			sourceTree = "<group>";
		};
		C28A23701FA9D7180035B5DF /* MJDIYRefresh */ = {
			isa = PBXGroup;
			children = (
				C28A23711FA9D7180035B5DF /* MJDIYBackFooter.h */,
				C28A23741FA9D7180035B5DF /* MJDIYBackFooter.m */,
				C28A23751FA9D7180035B5DF /* MJDIYHeader.h */,
				C28A23731FA9D7180035B5DF /* MJDIYHeader.m */,
				C28A23761FA9D7180035B5DF /* MJDIYAutoFooter.h */,
				C28A23721FA9D7180035B5DF /* MJDIYAutoFooter.m */,
			);
			path = MJDIYRefresh;
			sourceTree = "<group>";
		};
		C28A237A1FA9D7210035B5DF /* FLAnimatedImageView+WebCache */ = {
			isa = PBXGroup;
			children = (
				C28A237E1FA9D7210035B5DF /* FLAnimatedImageView+WebCache.h */,
				C28A237B1FA9D7210035B5DF /* FLAnimatedImageView+WebCache.m */,
			);
			path = "FLAnimatedImageView+WebCache";
			sourceTree = "<group>";
		};
		C28A238B1FA9D73A0035B5DF /* BMChineseStringSort */ = {
			isa = PBXGroup;
			children = (
				C28A238C1FA9D73A0035B5DF /* BMChineseSort.h */,
				C28A238D1FA9D73A0035B5DF /* BMChineseSort.m */,
			);
			path = BMChineseStringSort;
			sourceTree = "<group>";
		};
		C28A23C31FA9DD910035B5DF /* YMCategory */ = {
			isa = PBXGroup;
			children = (
				C28A23CC1FA9DDA10035B5DF /* CALayer+Border.h */,
				C28A23E01FA9DDA40035B5DF /* CALayer+Border.m */,
				C28A23D21FA9DDA20035B5DF /* Foundation+Log.m */,
				C28A23D81FA9DDA20035B5DF /* NSDate+Extension.h */,
				C28A23DD1FA9DDA30035B5DF /* NSDate+Extension.m */,
				C28A23C61FA9DDA00035B5DF /* NSDictionary+YMLog.h */,
				C28A23D61FA9DDA20035B5DF /* NSDictionary+YMLog.m */,
				C28A23D31FA9DDA20035B5DF /* NSString+Emoji.h */,
				C28A23D91FA9DDA30035B5DF /* NSString+Emoji.m */,
				C28A23C91FA9DDA10035B5DF /* NSString+Extension.h */,
				C28A23CF1FA9DDA10035B5DF /* NSString+Extension.m */,
				C28A23CB1FA9DDA10035B5DF /* NSString+YMString.h */,
				C28A23CD1FA9DDA10035B5DF /* NSString+YMString.m */,
				C28A23C51FA9DDA00035B5DF /* UIBarButtonItem+Extension.h */,
				C28A23D41FA9DDA20035B5DF /* UIBarButtonItem+Extension.m */,
				C28A23CE1FA9DDA10035B5DF /* UIColor+Extension.h */,
				C28A23E21FA9DDA40035B5DF /* UIColor+Extension.m */,
				C28A23DE1FA9DDA30035B5DF /* UIColor+Hex.h */,
				C28A23E11FA9DDA40035B5DF /* UIColor+Hex.m */,
				C28A23DB1FA9DDA30035B5DF /* UIImage+YMImg.h */,
				C28A23DA1FA9DDA30035B5DF /* UIImage+YMImg.m */,
				C28A23C81FA9DDA10035B5DF /* UIImageView+YMWebCache.h */,
				C28A23C41FA9DDA00035B5DF /* UIImageView+YMWebCache.m */,
				C28A23D71FA9DDA20035B5DF /* UITextView+Extension.h */,
				C28A23D01FA9DDA20035B5DF /* UITextView+Extension.m */,
				C28A23DF1FA9DDA30035B5DF /* UIView+Frame.h */,
				C28A23D51FA9DDA20035B5DF /* UIView+Frame.m */,
				C28A23CA1FA9DDA10035B5DF /* UIWindow+Extension.h */,
				C28A23D11FA9DDA20035B5DF /* UIWindow+Extension.m */,
			);
			path = YMCategory;
			sourceTree = "<group>";
		};
		C28A23F41FA9E73B0035B5DF /* YYCache */ = {
			isa = PBXGroup;
			children = (
				C28A23F51FA9E73B0035B5DF /* YYDiskCache.m */,
				C28A23F61FA9E73B0035B5DF /* YYKVStorage.h */,
				C28A23F71FA9E73B0035B5DF /* YYCache.m */,
				C28A23F81FA9E73B0035B5DF /* YYMemoryCache.h */,
				C28A23F91FA9E73B0035B5DF /* YYDiskCache.h */,
				C28A23FA1FA9E73B0035B5DF /* YYCache.h */,
				C28A23FB1FA9E73B0035B5DF /* YYKVStorage.m */,
				C28A23FC1FA9E73B0035B5DF /* YYMemoryCache.m */,
			);
			name = YYCache;
			path = ../../../../../ykxB_2/ykxB/Pods/YYCache/YYCache;
			sourceTree = "<group>";
		};
		C293411D1EC43D89003FB9A0 = {
			isa = PBXGroup;
			children = (
				C29341281EC43D89003FB9A0 /* RACDemo */,
				C29341421EC43D89003FB9A0 /* RACDemoTests */,
				C293414D1EC43D89003FB9A0 /* RACDemoUITests */,
				C29341271EC43D89003FB9A0 /* Products */,
				527085D9434AF236BCCAB67D /* Pods */,
				980F8D9D61816E87469E565A /* Frameworks */,
			);
			sourceTree = "<group>";
		};
		C29341271EC43D89003FB9A0 /* Products */ = {
			isa = PBXGroup;
			children = (
				C29341261EC43D89003FB9A0 /* RACDemo.app */,
				C293413F1EC43D89003FB9A0 /* RACDemoTests.xctest */,
				C293414A1EC43D89003FB9A0 /* RACDemoUITests.xctest */,
			);
			name = Products;
			sourceTree = "<group>";
		};
		C29341281EC43D89003FB9A0 /* RACDemo */ = {
			isa = PBXGroup;
			children = (
				C29341321EC43D89003FB9A0 /* Main.storyboard */,
				C293412C1EC43D89003FB9A0 /* AppDelegate.h */,
				C293412D1EC43D89003FB9A0 /* AppDelegate.m */,
				C28A22FA1FA9D4680035B5DF /* YMHelper */,
				C28A22F91FA9D1E20035B5DF /* LIb */,
				C293412F1EC43D89003FB9A0 /* ViewController.h */,
				C29341301EC43D89003FB9A0 /* ViewController.m */,
				C293415C1EC45997003FB9A0 /* User.h */,
				C293415D1EC45997003FB9A0 /* User.m */,
				C29341611EC48233003FB9A0 /* TableViewController.h */,
				C29341621EC48233003FB9A0 /* TableViewController.m */,
				C29341641EC482EB003FB9A0 /* TableViewCell.h */,
				C29341651EC482EB003FB9A0 /* TableViewCell.m */,
				C22510B41F1CF6430008773A /* NetController.h */,
				C22510B51F1CF6430008773A /* NetController.m */,
				C23ED3421FA458D300832DE7 /* RGBViewController.h */,
				C23ED3431FA458D300832DE7 /* RGBViewController.m */,
				C28A22C11FA9A7F60035B5DF /* LoactionViewController.h */,
				C28A22C21FA9A7F60035B5DF /* LoactionViewController.m */,
				C28A24251FAB121D0035B5DF /* AnimationLoginController.h */,
				C28A24261FAB121D0035B5DF /* AnimationLoginController.m */,
				C28A24281FAB1DBF0035B5DF /* PushNotificationController.h */,
				C28A24291FAB1DBF0035B5DF /* PushNotificationController.m */,
				C29341291EC43D89003FB9A0 /* Supporting Files */,
			);
			path = RACDemo;
			sourceTree = "<group>";
		};
		C29341291EC43D89003FB9A0 /* Supporting Files */ = {
			isa = PBXGroup;
			children = (
				C241EB871F27349E007A16E7 /* flags.plist */,
				C29341351EC43D89003FB9A0 /* Assets.xcassets */,
				C29341371EC43D89003FB9A0 /* LaunchScreen.storyboard */,
				C293413A1EC43D89003FB9A0 /* Info.plist */,
				C293412A1EC43D89003FB9A0 /* main.m */,
				C28A23F31FA9DE3A0035B5DF /* PrefixHeader.pch */,
			);
			name = "Supporting Files";
			sourceTree = "<group>";
		};
		C29341421EC43D89003FB9A0 /* RACDemoTests */ = {
			isa = PBXGroup;
			children = (
				C29341431EC43D89003FB9A0 /* RACDemoTests.m */,
				C29341451EC43D89003FB9A0 /* Info.plist */,
			);
			path = RACDemoTests;
			sourceTree = "<group>";
		};
		C293414D1EC43D89003FB9A0 /* RACDemoUITests */ = {
			isa = PBXGroup;
			children = (
				C293414E1EC43D89003FB9A0 /* RACDemoUITests.m */,
				C29341501EC43D89003FB9A0 /* Info.plist */,
			);
			path = RACDemoUITests;
			sourceTree = "<group>";
		};
		C2A5F1781FAC407400B96A75 /* YMCommon */ = {
			isa = PBXGroup;
			children = (
				C2A5F1B71FAC40E700B96A75 /* YMBaseTextEditController.h */,
				C2A5F1A21FAC40E300B96A75 /* YMBaseTextEditController.m */,
				C2A5F1B31FAC40E600B96A75 /* YMBaseTextViewController.h */,
				C2A5F1B21FAC40E600B96A75 /* YMBaseTextViewController.m */,
				C2A5F1AD1FAC40E500B96A75 /* YMBaseWebViewController.h */,
				C2A5F1AB1FAC40E500B96A75 /* YMBaseWebViewController.m */,
				C2A5F1A31FAC40E300B96A75 /* YMNavigationController.h */,
				C2A5F1B61FAC40E700B96A75 /* YMNavigationController.m */,
				C2A5F1A71FAC40E400B96A75 /* YMTabBarController.h */,
				C2A5F1B81FAC40E700B96A75 /* YMTabBarController.m */,
			);
			path = YMCommon;
			sourceTree = "<group>";
		};
		C2A5F1C71FAC4E5000B96A75 /* LTNavigationBar */ = {
			isa = PBXGroup;
			children = (
				C2A5F1C91FAC4E6A00B96A75 /* UINavigationBar+Awesome.h */,
				C2A5F1C81FAC4E6A00B96A75 /* UINavigationBar+Awesome.m */,
			);
			path = LTNavigationBar;
			sourceTree = "<group>";
		};
/* End PBXGroup section */

/* Begin PBXNativeTarget section */
		C29341251EC43D89003FB9A0 /* RACDemo */ = {
			isa = PBXNativeTarget;
			buildConfigurationList = C29341531EC43D89003FB9A0 /* Build configuration list for PBXNativeTarget "RACDemo" */;
			buildPhases = (
				B0C573DD8A4CEC8DCAA595C8 /* [CP] Check Pods Manifest.lock */,
				C29341221EC43D89003FB9A0 /* Sources */,
				C29341231EC43D89003FB9A0 /* Frameworks */,
				C29341241EC43D89003FB9A0 /* Resources */,
				2B462E4101E9FE037BE5E776 /* [CP] Embed Pods Frameworks */,
				9B034E1AE8D737A89860E9D5 /* [CP] Copy Pods Resources */,
			);
			buildRules = (
			);
			dependencies = (
			);
			name = RACDemo;
			productName = RACDemo;
			productReference = C29341261EC43D89003FB9A0 /* RACDemo.app */;
			productType = "com.apple.product-type.application";
		};
		C293413E1EC43D89003FB9A0 /* RACDemoTests */ = {
			isa = PBXNativeTarget;
			buildConfigurationList = C29341561EC43D89003FB9A0 /* Build configuration list for PBXNativeTarget "RACDemoTests" */;
			buildPhases = (
				11ED0A977DA5270101DEA166 /* [CP] Check Pods Manifest.lock */,
				C293413B1EC43D89003FB9A0 /* Sources */,
				C293413C1EC43D89003FB9A0 /* Frameworks */,
				C293413D1EC43D89003FB9A0 /* Resources */,
				59AD3F7700FD4EAF34DE51DC /* [CP] Embed Pods Frameworks */,
				F00AFAEFCB5B17A00A42AADB /* [CP] Copy Pods Resources */,
			);
			buildRules = (
			);
			dependencies = (
				C29341411EC43D89003FB9A0 /* PBXTargetDependency */,
			);
			name = RACDemoTests;
			productName = RACDemoTests;
			productReference = C293413F1EC43D89003FB9A0 /* RACDemoTests.xctest */;
			productType = "com.apple.product-type.bundle.unit-test";
		};
		C29341491EC43D89003FB9A0 /* RACDemoUITests */ = {
			isa = PBXNativeTarget;
			buildConfigurationList = C29341591EC43D89003FB9A0 /* Build configuration list for PBXNativeTarget "RACDemoUITests" */;
			buildPhases = (
				640257EE5BF3A6B7180ADD7A /* [CP] Check Pods Manifest.lock */,
				C29341461EC43D89003FB9A0 /* Sources */,
				C29341471EC43D89003FB9A0 /* Frameworks */,
				C29341481EC43D89003FB9A0 /* Resources */,
				52CF67BB5F7F4C7B5C376D13 /* [CP] Embed Pods Frameworks */,
				93F3F6A0305C5AE32BB5509D /* [CP] Copy Pods Resources */,
			);
			buildRules = (
			);
			dependencies = (
				C293414C1EC43D89003FB9A0 /* PBXTargetDependency */,
			);
			name = RACDemoUITests;
			productName = RACDemoUITests;
			productReference = C293414A1EC43D89003FB9A0 /* RACDemoUITests.xctest */;
			productType = "com.apple.product-type.bundle.ui-testing";
		};
/* End PBXNativeTarget section */

/* Begin PBXProject section */
		C293411E1EC43D89003FB9A0 /* Project object */ = {
			isa = PBXProject;
			attributes = {
				LastUpgradeCheck = 0830;
				ORGANIZATIONNAME = "";
				TargetAttributes = {
					C29341251EC43D89003FB9A0 = {
						CreatedOnToolsVersion = 8.3;
						DevelopmentTeam = 4J96E2Q5H6;
						LastSwiftMigration = 0910;
						ProvisioningStyle = Automatic;
					};
					C293413E1EC43D89003FB9A0 = {
						CreatedOnToolsVersion = 8.3;
						ProvisioningStyle = Automatic;
						TestTargetID = C29341251EC43D89003FB9A0;
					};
					C29341491EC43D89003FB9A0 = {
						CreatedOnToolsVersion = 8.3;
						ProvisioningStyle = Automatic;
						TestTargetID = C29341251EC43D89003FB9A0;
					};
				};
			};
			buildConfigurationList = C29341211EC43D89003FB9A0 /* Build configuration list for PBXProject "RACDemo" */;
			compatibilityVersion = "Xcode 3.2";
			developmentRegion = English;
			hasScannedForEncodings = 0;
			knownRegions = (
				en,
				Base,
			);
			mainGroup = C293411D1EC43D89003FB9A0;
			productRefGroup = C29341271EC43D89003FB9A0 /* Products */;
			projectDirPath = "";
			projectRoot = "";
			targets = (
				C29341251EC43D89003FB9A0 /* RACDemo */,
				C293413E1EC43D89003FB9A0 /* RACDemoTests */,
				C29341491EC43D89003FB9A0 /* RACDemoUITests */,
			);
		};
/* End PBXProject section */

/* Begin PBXResourcesBuildPhase section */
		C29341241EC43D89003FB9A0 /* Resources */ = {
			isa = PBXResourcesBuildPhase;
			buildActionMask = 2147483647;
			files = (
				C29341391EC43D89003FB9A0 /* LaunchScreen.storyboard in Resources */,
				C28A236F1FA9D70E0035B5DF /* PYPhotosView.bundle in Resources */,
				C241EB881F27349E007A16E7 /* flags.plist in Resources */,
				C29341361EC43D89003FB9A0 /* Assets.xcassets in Resources */,
				C22684A41FA85FF4003DF88F /* MBExtension.bundle in Resources */,
				C28A23321FA9D55F0035B5DF /* areas.json in Resources */,
				C29341341EC43D89003FB9A0 /* Main.storyboard in Resources */,
			);
			runOnlyForDeploymentPostprocessing = 0;
		};
		C293413D1EC43D89003FB9A0 /* Resources */ = {
			isa = PBXResourcesBuildPhase;
			buildActionMask = 2147483647;
			files = (
			);
			runOnlyForDeploymentPostprocessing = 0;
		};
		C29341481EC43D89003FB9A0 /* Resources */ = {
			isa = PBXResourcesBuildPhase;
			buildActionMask = 2147483647;
			files = (
			);
			runOnlyForDeploymentPostprocessing = 0;
		};
/* End PBXResourcesBuildPhase section */

/* Begin PBXShellScriptBuildPhase section */
		11ED0A977DA5270101DEA166 /* [CP] Check Pods Manifest.lock */ = {
			isa = PBXShellScriptBuildPhase;
			buildActionMask = 2147483647;
			files = (
			);
			inputPaths = (
			);
			name = "[CP] Check Pods Manifest.lock";
			outputPaths = (
			);
			runOnlyForDeploymentPostprocessing = 0;
			shellPath = /bin/sh;
			shellScript = "diff \"${PODS_PODFILE_DIR_PATH}/Podfile.lock\" \"${PODS_ROOT}/Manifest.lock\" > /dev/null\nif [ $? != 0 ] ; then\n    # print error to STDERR\n    echo \"error: The sandbox is not in sync with the Podfile.lock. Run 'pod install' or update your CocoaPods installation.\" >&2\n    exit 1\nfi\n";
			showEnvVarsInLog = 0;
		};
		2B462E4101E9FE037BE5E776 /* [CP] Embed Pods Frameworks */ = {
			isa = PBXShellScriptBuildPhase;
			buildActionMask = 2147483647;
			files = (
			);
			inputPaths = (
			);
			name = "[CP] Embed Pods Frameworks";
			outputPaths = (
			);
			runOnlyForDeploymentPostprocessing = 0;
			shellPath = /bin/sh;
			shellScript = "\"${SRCROOT}/Pods/Target Support Files/Pods-RACDemo/Pods-RACDemo-frameworks.sh\"\n";
			showEnvVarsInLog = 0;
		};
		52CF67BB5F7F4C7B5C376D13 /* [CP] Embed Pods Frameworks */ = {
			isa = PBXShellScriptBuildPhase;
			buildActionMask = 2147483647;
			files = (
			);
			inputPaths = (
			);
			name = "[CP] Embed Pods Frameworks";
			outputPaths = (
			);
			runOnlyForDeploymentPostprocessing = 0;
			shellPath = /bin/sh;
			shellScript = "\"${SRCROOT}/Pods/Target Support Files/Pods-RACDemoUITests/Pods-RACDemoUITests-frameworks.sh\"\n";
			showEnvVarsInLog = 0;
		};
		59AD3F7700FD4EAF34DE51DC /* [CP] Embed Pods Frameworks */ = {
			isa = PBXShellScriptBuildPhase;
			buildActionMask = 2147483647;
			files = (
			);
			inputPaths = (
			);
			name = "[CP] Embed Pods Frameworks";
			outputPaths = (
			);
			runOnlyForDeploymentPostprocessing = 0;
			shellPath = /bin/sh;
			shellScript = "\"${SRCROOT}/Pods/Target Support Files/Pods-RACDemoTests/Pods-RACDemoTests-frameworks.sh\"\n";
			showEnvVarsInLog = 0;
		};
		640257EE5BF3A6B7180ADD7A /* [CP] Check Pods Manifest.lock */ = {
			isa = PBXShellScriptBuildPhase;
			buildActionMask = 2147483647;
			files = (
			);
			inputPaths = (
			);
			name = "[CP] Check Pods Manifest.lock";
			outputPaths = (
			);
			runOnlyForDeploymentPostprocessing = 0;
			shellPath = /bin/sh;
			shellScript = "diff \"${PODS_PODFILE_DIR_PATH}/Podfile.lock\" \"${PODS_ROOT}/Manifest.lock\" > /dev/null\nif [ $? != 0 ] ; then\n    # print error to STDERR\n    echo \"error: The sandbox is not in sync with the Podfile.lock. Run 'pod install' or update your CocoaPods installation.\" >&2\n    exit 1\nfi\n";
			showEnvVarsInLog = 0;
		};
		93F3F6A0305C5AE32BB5509D /* [CP] Copy Pods Resources */ = {
			isa = PBXShellScriptBuildPhase;
			buildActionMask = 2147483647;
			files = (
			);
			inputPaths = (
			);
			name = "[CP] Copy Pods Resources";
			outputPaths = (
			);
			runOnlyForDeploymentPostprocessing = 0;
			shellPath = /bin/sh;
			shellScript = "\"${SRCROOT}/Pods/Target Support Files/Pods-RACDemoUITests/Pods-RACDemoUITests-resources.sh\"\n";
			showEnvVarsInLog = 0;
		};
		9B034E1AE8D737A89860E9D5 /* [CP] Copy Pods Resources */ = {
			isa = PBXShellScriptBuildPhase;
			buildActionMask = 2147483647;
			files = (
			);
			inputPaths = (
			);
			name = "[CP] Copy Pods Resources";
			outputPaths = (
			);
			runOnlyForDeploymentPostprocessing = 0;
			shellPath = /bin/sh;
			shellScript = "\"${SRCROOT}/Pods/Target Support Files/Pods-RACDemo/Pods-RACDemo-resources.sh\"\n";
			showEnvVarsInLog = 0;
		};
		B0C573DD8A4CEC8DCAA595C8 /* [CP] Check Pods Manifest.lock */ = {
			isa = PBXShellScriptBuildPhase;
			buildActionMask = 2147483647;
			files = (
			);
			inputPaths = (
			);
			name = "[CP] Check Pods Manifest.lock";
			outputPaths = (
			);
			runOnlyForDeploymentPostprocessing = 0;
			shellPath = /bin/sh;
			shellScript = "diff \"${PODS_PODFILE_DIR_PATH}/Podfile.lock\" \"${PODS_ROOT}/Manifest.lock\" > /dev/null\nif [ $? != 0 ] ; then\n    # print error to STDERR\n    echo \"error: The sandbox is not in sync with the Podfile.lock. Run 'pod install' or update your CocoaPods installation.\" >&2\n    exit 1\nfi\n";
			showEnvVarsInLog = 0;
		};
		F00AFAEFCB5B17A00A42AADB /* [CP] Copy Pods Resources */ = {
			isa = PBXShellScriptBuildPhase;
			buildActionMask = 2147483647;
			files = (
			);
			inputPaths = (
			);
			name = "[CP] Copy Pods Resources";
			outputPaths = (
			);
			runOnlyForDeploymentPostprocessing = 0;
			shellPath = /bin/sh;
			shellScript = "\"${SRCROOT}/Pods/Target Support Files/Pods-RACDemoTests/Pods-RACDemoTests-resources.sh\"\n";
			showEnvVarsInLog = 0;
		};
/* End PBXShellScriptBuildPhase section */

/* Begin PBXSourcesBuildPhase section */
		C29341221EC43D89003FB9A0 /* Sources */ = {
			isa = PBXSourcesBuildPhase;
			buildActionMask = 2147483647;
			files = (
				C28A236B1FA9D70E0035B5DF /* PYPhotosView.m in Sources */,
				C28A23E71FA9DDA40035B5DF /* UIWindow+Extension.m in Sources */,
				C28A23811FA9D7210035B5DF /* FLAnimatedImageView+WebCache.m in Sources */,
				C28A23F21FA9DDA40035B5DF /* UIColor+Extension.m in Sources */,
				C28A23EA1FA9DDA40035B5DF /* UIView+Frame.m in Sources */,
				C28A242A1FAB1DBF0035B5DF /* PushNotificationController.m in Sources */,
				C28A23661FA9D70E0035B5DF /* PYPhotosViewController.m in Sources */,
				C28A22C31FA9A7F70035B5DF /* LoactionViewController.m in Sources */,
				C28A23FF1FA9E73B0035B5DF /* YYKVStorage.m in Sources */,
				C28A23E31FA9DDA40035B5DF /* UIImageView+YMWebCache.m in Sources */,
				C28A23621FA9D70E0035B5DF /* UIView+PYExtension.m in Sources */,
				C210E7531F5D202E0059A8B7 /* KLTNavigationController.m in Sources */,
				C28A24221FAB11DB0035B5DF /* YMCacheHelper.m in Sources */,
				C293415E1EC45997003FB9A0 /* User.m in Sources */,
				C2A5F1BB1FAC40E800B96A75 /* YMBaseTextEditController.m in Sources */,
				C28A23651FA9D70E0035B5DF /* PYPhotoBrowserConst.m in Sources */,
				C28A23E61FA9DDA40035B5DF /* UITextView+Extension.m in Sources */,
				C23ED3441FA458D300832DE7 /* RGBViewController.m in Sources */,
				C28A236D1FA9D70E0035B5DF /* PYPhotoCell.m in Sources */,
				C28A23E81FA9DDA40035B5DF /* Foundation+Log.m in Sources */,
				C28A23EF1FA9DDA40035B5DF /* NSDate+Extension.m in Sources */,
				C210E7551F5D20360059A8B7 /* README.md in Sources */,
				C28A238E1FA9D73A0035B5DF /* BMChineseSort.m in Sources */,
				C28A236E1FA9D70E0035B5DF /* PYPhotoView.m in Sources */,
				C28A23381FA9D6C60035B5DF /* YMTextView.m in Sources */,
				C28A23E51FA9DDA40035B5DF /* NSString+Extension.m in Sources */,
				C28A233F1FA9D6D00035B5DF /* pickerControl.m in Sources */,
				C28A23FE1FA9E73B0035B5DF /* YYCache.m in Sources */,
				C28A23771FA9D7180035B5DF /* MJDIYAutoFooter.m in Sources */,
				C29341661EC482EB003FB9A0 /* TableViewCell.m in Sources */,
				C28A24001FA9E73B0035B5DF /* YYMemoryCache.m in Sources */,
				C2A5F1C01FAC40E800B96A75 /* YMBaseWebViewController.m in Sources */,
				C2A5F1C51FAC40E800B96A75 /* YMNavigationController.m in Sources */,
				C28A23F11FA9DDA40035B5DF /* UIColor+Hex.m in Sources */,
				C29341311EC43D89003FB9A0 /* ViewController.m in Sources */,
				C28A22C61FA9A9F10035B5DF /* YMLocationManager.m in Sources */,
				C28A23ED1FA9DDA40035B5DF /* UIImage+YMImg.m in Sources */,
				C28A23781FA9D7180035B5DF /* MJDIYHeader.m in Sources */,
				C28A23791FA9D7180035B5DF /* MJDIYBackFooter.m in Sources */,
				C2A5F1CA1FAC4E6A00B96A75 /* UINavigationBar+Awesome.m in Sources */,
				C293412E1EC43D89003FB9A0 /* AppDelegate.m in Sources */,
				C28A23631FA9D70E0035B5DF /* MBProgressHUD+PYExtension.m in Sources */,
				C28A23E91FA9DDA40035B5DF /* UIBarButtonItem+Extension.m in Sources */,
				C28A23F01FA9DDA40035B5DF /* CALayer+Border.m in Sources */,
				C28A23331FA9D5A30035B5DF /* YMAPIConst.m in Sources */,
				C29341631EC48233003FB9A0 /* TableViewController.m in Sources */,
				C22684A51FA85FF4003DF88F /* MBProgressHUD+BWMExtension.m in Sources */,
				C28A23FD1FA9E73B0035B5DF /* YYDiskCache.m in Sources */,
				C28A23641FA9D70E0035B5DF /* PYProgressView.m in Sources */,
				C210E7521F5D202E0059A8B7 /* AnimationContoller.m in Sources */,
				C28A233E1FA9D6D00035B5DF /* YMDatePickerView.m in Sources */,
				C28A236A1FA9D70E0035B5DF /* PYPhoto.m in Sources */,
				C2A5F1C31FAC40E800B96A75 /* YMBaseTextViewController.m in Sources */,
				C28A236C1FA9D70E0035B5DF /* PYPhotoBrowseView.m in Sources */,
				C2A5F1C61FAC40E800B96A75 /* YMTabBarController.m in Sources */,
				C28A23311FA9D55F0035B5DF /* YMConst.m in Sources */,
				C28A23EB1FA9DDA40035B5DF /* NSDictionary+YMLog.m in Sources */,
				C293412B1EC43D89003FB9A0 /* main.m in Sources */,
				C28A23681FA9D70E0035B5DF /* PYPhotosNavigationController.m in Sources */,
				C28A24271FAB121D0035B5DF /* AnimationLoginController.m in Sources */,
				C28A23691FA9D70E0035B5DF /* PYPhotosPreviewController.m in Sources */,
				C28A23EC1FA9DDA40035B5DF /* NSString+Emoji.m in Sources */,
				C22510B61F1CF6430008773A /* NetController.m in Sources */,
				C28A23671FA9D70E0035B5DF /* PYPhotosReaderController.m in Sources */,
				C28A23E41FA9DDA40035B5DF /* NSString+YMString.m in Sources */,
			);
			runOnlyForDeploymentPostprocessing = 0;
		};
		C293413B1EC43D89003FB9A0 /* Sources */ = {
			isa = PBXSourcesBuildPhase;
			buildActionMask = 2147483647;
			files = (
				C29341441EC43D89003FB9A0 /* RACDemoTests.m in Sources */,
			);
			runOnlyForDeploymentPostprocessing = 0;
		};
		C29341461EC43D89003FB9A0 /* Sources */ = {
			isa = PBXSourcesBuildPhase;
			buildActionMask = 2147483647;
			files = (
				C293414F1EC43D89003FB9A0 /* RACDemoUITests.m in Sources */,
			);
			runOnlyForDeploymentPostprocessing = 0;
		};
/* End PBXSourcesBuildPhase section */

/* Begin PBXTargetDependency section */
		C29341411EC43D89003FB9A0 /* PBXTargetDependency */ = {
			isa = PBXTargetDependency;
			target = C29341251EC43D89003FB9A0 /* RACDemo */;
			targetProxy = C29341401EC43D89003FB9A0 /* PBXContainerItemProxy */;
		};
		C293414C1EC43D89003FB9A0 /* PBXTargetDependency */ = {
			isa = PBXTargetDependency;
			target = C29341251EC43D89003FB9A0 /* RACDemo */;
			targetProxy = C293414B1EC43D89003FB9A0 /* PBXContainerItemProxy */;
		};
/* End PBXTargetDependency section */

/* Begin PBXVariantGroup section */
		C29341321EC43D89003FB9A0 /* Main.storyboard */ = {
			isa = PBXVariantGroup;
			children = (
				C29341331EC43D89003FB9A0 /* Base */,
			);
			name = Main.storyboard;
			sourceTree = "<group>";
		};
		C29341371EC43D89003FB9A0 /* LaunchScreen.storyboard */ = {
			isa = PBXVariantGroup;
			children = (
				C29341381EC43D89003FB9A0 /* Base */,
			);
			name = LaunchScreen.storyboard;
			sourceTree = "<group>";
		};
/* End PBXVariantGroup section */

/* Begin XCBuildConfiguration section */
		C29341511EC43D89003FB9A0 /* Debug */ = {
			isa = XCBuildConfiguration;
			buildSettings = {
				ALWAYS_SEARCH_USER_PATHS = NO;
				CLANG_ANALYZER_NONNULL = YES;
				CLANG_ANALYZER_NUMBER_OBJECT_CONVERSION = YES_AGGRESSIVE;
				CLANG_CXX_LANGUAGE_STANDARD = "gnu++0x";
				CLANG_CXX_LIBRARY = "libc++";
				CLANG_ENABLE_MODULES = YES;
				CLANG_ENABLE_OBJC_ARC = YES;
				CLANG_WARN_BOOL_CONVERSION = YES;
				CLANG_WARN_CONSTANT_CONVERSION = YES;
				CLANG_WARN_DIRECT_OBJC_ISA_USAGE = YES_ERROR;
				CLANG_WARN_DOCUMENTATION_COMMENTS = YES;
				CLANG_WARN_EMPTY_BODY = YES;
				CLANG_WARN_ENUM_CONVERSION = YES;
				CLANG_WARN_INFINITE_RECURSION = YES;
				CLANG_WARN_INT_CONVERSION = YES;
				CLANG_WARN_OBJC_ROOT_CLASS = YES_ERROR;
				CLANG_WARN_SUSPICIOUS_MOVE = YES;
				CLANG_WARN_UNREACHABLE_CODE = YES;
				CLANG_WARN__DUPLICATE_METHOD_MATCH = YES;
				"CODE_SIGN_IDENTITY[sdk=iphoneos*]" = "iPhone Developer";
				COPY_PHASE_STRIP = NO;
				DEBUG_INFORMATION_FORMAT = dwarf;
				ENABLE_STRICT_OBJC_MSGSEND = YES;
				ENABLE_TESTABILITY = YES;
				GCC_C_LANGUAGE_STANDARD = gnu99;
				GCC_DYNAMIC_NO_PIC = NO;
				GCC_NO_COMMON_BLOCKS = YES;
				GCC_OPTIMIZATION_LEVEL = 0;
				GCC_PREPROCESSOR_DEFINITIONS = (
					"DEBUG=1",
					"$(inherited)",
				);
				GCC_WARN_64_TO_32_BIT_CONVERSION = YES;
				GCC_WARN_ABOUT_RETURN_TYPE = YES_ERROR;
				GCC_WARN_UNDECLARED_SELECTOR = YES;
				GCC_WARN_UNINITIALIZED_AUTOS = YES_AGGRESSIVE;
				GCC_WARN_UNUSED_FUNCTION = YES;
				GCC_WARN_UNUSED_VARIABLE = YES;
				IPHONEOS_DEPLOYMENT_TARGET = 10.3;
				MTL_ENABLE_DEBUG_INFO = YES;
				ONLY_ACTIVE_ARCH = YES;
				SDKROOT = iphoneos;
			};
			name = Debug;
		};
		C29341521EC43D89003FB9A0 /* Release */ = {
			isa = XCBuildConfiguration;
			buildSettings = {
				ALWAYS_SEARCH_USER_PATHS = NO;
				CLANG_ANALYZER_NONNULL = YES;
				CLANG_ANALYZER_NUMBER_OBJECT_CONVERSION = YES_AGGRESSIVE;
				CLANG_CXX_LANGUAGE_STANDARD = "gnu++0x";
				CLANG_CXX_LIBRARY = "libc++";
				CLANG_ENABLE_MODULES = YES;
				CLANG_ENABLE_OBJC_ARC = YES;
				CLANG_WARN_BOOL_CONVERSION = YES;
				CLANG_WARN_CONSTANT_CONVERSION = YES;
				CLANG_WARN_DIRECT_OBJC_ISA_USAGE = YES_ERROR;
				CLANG_WARN_DOCUMENTATION_COMMENTS = YES;
				CLANG_WARN_EMPTY_BODY = YES;
				CLANG_WARN_ENUM_CONVERSION = YES;
				CLANG_WARN_INFINITE_RECURSION = YES;
				CLANG_WARN_INT_CONVERSION = YES;
				CLANG_WARN_OBJC_ROOT_CLASS = YES_ERROR;
				CLANG_WARN_SUSPICIOUS_MOVE = YES;
				CLANG_WARN_UNREACHABLE_CODE = YES;
				CLANG_WARN__DUPLICATE_METHOD_MATCH = YES;
				"CODE_SIGN_IDENTITY[sdk=iphoneos*]" = "iPhone Developer";
				COPY_PHASE_STRIP = NO;
				DEBUG_INFORMATION_FORMAT = "dwarf-with-dsym";
				ENABLE_NS_ASSERTIONS = NO;
				ENABLE_STRICT_OBJC_MSGSEND = YES;
				GCC_C_LANGUAGE_STANDARD = gnu99;
				GCC_NO_COMMON_BLOCKS = YES;
				GCC_WARN_64_TO_32_BIT_CONVERSION = YES;
				GCC_WARN_ABOUT_RETURN_TYPE = YES_ERROR;
				GCC_WARN_UNDECLARED_SELECTOR = YES;
				GCC_WARN_UNINITIALIZED_AUTOS = YES_AGGRESSIVE;
				GCC_WARN_UNUSED_FUNCTION = YES;
				GCC_WARN_UNUSED_VARIABLE = YES;
				IPHONEOS_DEPLOYMENT_TARGET = 10.3;
				MTL_ENABLE_DEBUG_INFO = NO;
				SDKROOT = iphoneos;
				VALIDATE_PRODUCT = YES;
			};
			name = Release;
		};
		C29341541EC43D89003FB9A0 /* Debug */ = {
			isa = XCBuildConfiguration;
			baseConfigurationReference = 2C5BCF6198C82C33066F310A /* Pods-RACDemo.debug.xcconfig */;
			buildSettings = {
				ALWAYS_SEARCH_USER_PATHS = YES;
				ASSETCATALOG_COMPILER_APPICON_NAME = AppIcon;
				CLANG_ENABLE_MODULES = YES;
				DEVELOPMENT_TEAM = 4J96E2Q5H6;
				GCC_INCREASE_PRECOMPILED_HEADER_SHARING = YES;
				GCC_PRECOMPILE_PREFIX_HEADER = YES;
				GCC_PREFIX_HEADER = /Users/liuyanming/Desktop/github/RACDemo/RACDemo/RACDemo/PrefixHeader.pch;
				HEADER_SEARCH_PATHS = "$(inherited)/**";
				INFOPLIST_FILE = RACDemo/Info.plist;
				LD_RUNPATH_SEARCH_PATHS = "$(inherited) @executable_path/Frameworks";
				LIBRARY_SEARCH_PATHS = "$(inherited)/**";
				PRODUCT_BUNDLE_IDENTIFIER = ym.com.RACDemo;
				PRODUCT_NAME = "$(TARGET_NAME)";
				SWIFT_OBJC_BRIDGING_HEADER = "RACDemo/RACDemo-Bridging-Header.h";
				SWIFT_OPTIMIZATION_LEVEL = "-Onone";
				SWIFT_VERSION = 3.0;
				USER_HEADER_SEARCH_PATHS = "$(inherited)";
			};
			name = Debug;
		};
		C29341551EC43D89003FB9A0 /* Release */ = {
			isa = XCBuildConfiguration;
			baseConfigurationReference = 01816198F46A0327060007C5 /* Pods-RACDemo.release.xcconfig */;
			buildSettings = {
				ALWAYS_SEARCH_USER_PATHS = YES;
				ASSETCATALOG_COMPILER_APPICON_NAME = AppIcon;
				CLANG_ENABLE_MODULES = YES;
				DEVELOPMENT_TEAM = 4J96E2Q5H6;
				GCC_INCREASE_PRECOMPILED_HEADER_SHARING = YES;
				GCC_PRECOMPILE_PREFIX_HEADER = YES;
				GCC_PREFIX_HEADER = /Users/liuyanming/Desktop/github/RACDemo/RACDemo/RACDemo/PrefixHeader.pch;
				HEADER_SEARCH_PATHS = "$(inherited)/**";
				INFOPLIST_FILE = RACDemo/Info.plist;
				LD_RUNPATH_SEARCH_PATHS = "$(inherited) @executable_path/Frameworks";
				LIBRARY_SEARCH_PATHS = "$(inherited)/**";
				PRODUCT_BUNDLE_IDENTIFIER = ym.com.RACDemo;
				PRODUCT_NAME = "$(TARGET_NAME)";
				SWIFT_OBJC_BRIDGING_HEADER = "RACDemo/RACDemo-Bridging-Header.h";
				SWIFT_VERSION = 3.0;
				USER_HEADER_SEARCH_PATHS = "$(inherited)";
			};
			name = Release;
		};
		C29341571EC43D89003FB9A0 /* Debug */ = {
			isa = XCBuildConfiguration;
			baseConfigurationReference = 350573A3A5F2F375E62F26D3 /* Pods-RACDemoTests.debug.xcconfig */;
			buildSettings = {
				BUNDLE_LOADER = "$(TEST_HOST)";
				INFOPLIST_FILE = RACDemoTests/Info.plist;
				LD_RUNPATH_SEARCH_PATHS = "$(inherited) @executable_path/Frameworks @loader_path/Frameworks";
				PRODUCT_BUNDLE_IDENTIFIER = ym.com.RACDemoTests;
				PRODUCT_NAME = "$(TARGET_NAME)";
				TEST_HOST = "$(BUILT_PRODUCTS_DIR)/RACDemo.app/RACDemo";
			};
			name = Debug;
		};
		C29341581EC43D89003FB9A0 /* Release */ = {
			isa = XCBuildConfiguration;
			baseConfigurationReference = 4FB2C8991F4A39CBC22E01E8 /* Pods-RACDemoTests.release.xcconfig */;
			buildSettings = {
				BUNDLE_LOADER = "$(TEST_HOST)";
				INFOPLIST_FILE = RACDemoTests/Info.plist;
				LD_RUNPATH_SEARCH_PATHS = "$(inherited) @executable_path/Frameworks @loader_path/Frameworks";
				PRODUCT_BUNDLE_IDENTIFIER = ym.com.RACDemoTests;
				PRODUCT_NAME = "$(TARGET_NAME)";
				TEST_HOST = "$(BUILT_PRODUCTS_DIR)/RACDemo.app/RACDemo";
			};
			name = Release;
		};
		C293415A1EC43D89003FB9A0 /* Debug */ = {
			isa = XCBuildConfiguration;
			baseConfigurationReference = 5521038BDB566A569065065C /* Pods-RACDemoUITests.debug.xcconfig */;
			buildSettings = {
				INFOPLIST_FILE = RACDemoUITests/Info.plist;
				LD_RUNPATH_SEARCH_PATHS = "$(inherited) @executable_path/Frameworks @loader_path/Frameworks";
				PRODUCT_BUNDLE_IDENTIFIER = ym.com.RACDemoUITests;
				PRODUCT_NAME = "$(TARGET_NAME)";
				TEST_TARGET_NAME = RACDemo;
			};
			name = Debug;
		};
		C293415B1EC43D89003FB9A0 /* Release */ = {
			isa = XCBuildConfiguration;
			baseConfigurationReference = 50C57BFC8857C536E0274D54 /* Pods-RACDemoUITests.release.xcconfig */;
			buildSettings = {
				INFOPLIST_FILE = RACDemoUITests/Info.plist;
				LD_RUNPATH_SEARCH_PATHS = "$(inherited) @executable_path/Frameworks @loader_path/Frameworks";
				PRODUCT_BUNDLE_IDENTIFIER = ym.com.RACDemoUITests;
				PRODUCT_NAME = "$(TARGET_NAME)";
				TEST_TARGET_NAME = RACDemo;
			};
			name = Release;
		};
/* End XCBuildConfiguration section */

/* Begin XCConfigurationList section */
		C29341211EC43D89003FB9A0 /* Build configuration list for PBXProject "RACDemo" */ = {
			isa = XCConfigurationList;
			buildConfigurations = (
				C29341511EC43D89003FB9A0 /* Debug */,
				C29341521EC43D89003FB9A0 /* Release */,
			);
			defaultConfigurationIsVisible = 0;
			defaultConfigurationName = Release;
		};
		C29341531EC43D89003FB9A0 /* Build configuration list for PBXNativeTarget "RACDemo" */ = {
			isa = XCConfigurationList;
			buildConfigurations = (
				C29341541EC43D89003FB9A0 /* Debug */,
				C29341551EC43D89003FB9A0 /* Release */,
			);
			defaultConfigurationIsVisible = 0;
			defaultConfigurationName = Release;
		};
		C29341561EC43D89003FB9A0 /* Build configuration list for PBXNativeTarget "RACDemoTests" */ = {
			isa = XCConfigurationList;
			buildConfigurations = (
				C29341571EC43D89003FB9A0 /* Debug */,
				C29341581EC43D89003FB9A0 /* Release */,
			);
			defaultConfigurationIsVisible = 0;
			defaultConfigurationName = Release;
		};
		C29341591EC43D89003FB9A0 /* Build configuration list for PBXNativeTarget "RACDemoUITests" */ = {
			isa = XCConfigurationList;
			buildConfigurations = (
				C293415A1EC43D89003FB9A0 /* Debug */,
				C293415B1EC43D89003FB9A0 /* Release */,
			);
			defaultConfigurationIsVisible = 0;
			defaultConfigurationName = Release;
		};
/* End XCConfigurationList section */
	};
	rootObject = C293411E1EC43D89003FB9A0 /* Project object */;
}
